{
  "version": 4,
  "terraform_version": "1.13.3",
  "serial": 19,
  "lineage": "96ee7e56-e5c5-ee4e-c88a-3fb1a7f195b2",
  "outputs": {
    "cognito_user_pool_id": {
      "value": "ap-southeast-2_CdVnmKfrW",
      "type": "string"
    },
    "dynamodb_table_name": {
      "value": "n11817143-VideoApp",
      "type": "string"
    },
    "elasticache_endpoint": {
      "value": "n11817143-a2-cache.km2jzi.cfg.apse2.cache.amazonaws.com:11211",
      "type": "string"
    },
    "parameter_store_prefix": {
      "value": "/n11817143/app",
      "type": "string"
    },
    "s3_bucket_name": {
      "value": "n11817143-a2",
      "type": "string"
    }
  },
  "resources": [
    {
      "mode": "data",
      "type": "aws_caller_identity",
      "name": "current",
      "provider": "provider[\"registry.terraform.io/hashicorp/aws\"]",
      "instances": [
        {
          "schema_version": 0,
          "attributes": {
            "account_id": "901444280953",
            "arn": "arn:aws:sts::901444280953:assumed-role/CAB432-Instance-Role/i-0aaedfc6a70038409",
            "id": "901444280953",
            "user_id": "AROA5DYSEEJ44AGUCL5XM:i-0aaedfc6a70038409"
          },
          "sensitive_attributes": [],
          "identity_schema_version": 0
        }
      ]
    },
    {
      "mode": "managed",
      "type": "aws_dynamodb_table",
      "name": "videos",
      "provider": "provider[\"registry.terraform.io/hashicorp/aws\"]",
      "instances": [
        {
          "schema_version": 1,
          "attributes": {
            "arn": "arn:aws:dynamodb:ap-southeast-2:901444280953:table/n11817143-VideoApp",
            "attribute": [
              {
                "name": "ownerId",
                "type": "S"
              },
              {
                "name": "videoId",
                "type": "S"
              }
            ],
            "billing_mode": "PAY_PER_REQUEST",
            "deletion_protection_enabled": false,
            "global_secondary_index": [],
            "hash_key": "ownerId",
            "id": "n11817143-VideoApp",
            "import_table": [],
            "local_secondary_index": [],
            "name": "n11817143-VideoApp",
            "on_demand_throughput": [],
            "point_in_time_recovery": [
              {
                "enabled": false,
                "recovery_period_in_days": 0
              }
            ],
            "range_key": "videoId",
            "read_capacity": 0,
            "region": "ap-southeast-2",
            "replica": [],
            "restore_date_time": null,
            "restore_source_name": null,
            "restore_source_table_arn": null,
            "restore_to_latest_time": null,
            "server_side_encryption": [],
            "stream_arn": "",
            "stream_enabled": false,
            "stream_label": "",
            "stream_view_type": "",
            "table_class": "STANDARD",
            "tags": {
              "Name": "n11817143-VideoApp",
              "Project": "n11817143-video-transcoder"
            },
            "tags_all": {
              "Name": "n11817143-VideoApp",
              "Project": "n11817143-video-transcoder"
            },
            "timeouts": null,
            "ttl": [
              {
                "attribute_name": "",
                "enabled": false
              }
            ],
            "warm_throughput": [],
            "write_capacity": 0
          },
          "sensitive_attributes": [],
          "identity_schema_version": 0,
          "private": "eyJlMmJmYjczMC1lY2FhLTExZTYtOGY4OC0zNDM2M2JjN2M0YzAiOnsiY3JlYXRlIjoxODAwMDAwMDAwMDAwLCJkZWxldGUiOjYwMDAwMDAwMDAwMCwidXBkYXRlIjozNjAwMDAwMDAwMDAwfSwic2NoZW1hX3ZlcnNpb24iOiIxIn0="
        }
      ]
    },
    {
      "mode": "managed",
      "type": "aws_elasticache_cluster",
      "name": "cache",
      "provider": "provider[\"registry.terraform.io/hashicorp/aws\"]",
      "instances": [
        {
          "index_key": 0,
          "schema_version": 0,
          "attributes": {
            "apply_immediately": null,
            "arn": "arn:aws:elasticache:ap-southeast-2:901444280953:cluster:n11817143-a2-cache",
            "auto_minor_version_upgrade": "true",
            "availability_zone": "ap-southeast-2a",
            "az_mode": "single-az",
            "cache_nodes": [
              {
                "address": "n11817143-a2-cache.km2jzi.0001.apse2.cache.amazonaws.com",
                "availability_zone": "ap-southeast-2a",
                "id": "0001",
                "outpost_arn": "",
                "port": 11211
              }
            ],
            "cluster_address": "n11817143-a2-cache.km2jzi.cfg.apse2.cache.amazonaws.com",
            "cluster_id": "n11817143-a2-cache",
            "configuration_endpoint": "n11817143-a2-cache.km2jzi.cfg.apse2.cache.amazonaws.com:11211",
            "engine": "memcached",
            "engine_version": "1.6.22",
            "engine_version_actual": "1.6.22",
            "final_snapshot_identifier": null,
            "id": "n11817143-a2-cache",
            "ip_discovery": "ipv4",
            "log_delivery_configuration": [],
            "maintenance_window": "wed:15:00-wed:16:00",
            "network_type": "ipv4",
            "node_type": "cache.t4g.micro",
            "notification_topic_arn": null,
            "num_cache_nodes": 1,
            "outpost_mode": null,
            "parameter_group_name": "default.memcached1.6",
            "port": 11211,
            "preferred_availability_zones": null,
            "preferred_outpost_arn": "",
            "region": "ap-southeast-2",
            "replication_group_id": "",
            "security_group_ids": [
              "sg-07707a36aa1599475",
              "sg-078997505ad1c6bbc"
            ],
            "snapshot_arns": null,
            "snapshot_name": null,
            "snapshot_retention_limit": 0,
            "snapshot_window": "",
            "subnet_group_name": "cab432-subnets",
            "tags": {
              "purpose": "assignment-2",
              "qut-username": "n11817143@qut.edu.au"
            },
            "tags_all": {
              "purpose": "assignment-2",
              "qut-username": "n11817143@qut.edu.au"
            },
            "timeouts": null,
            "transit_encryption_enabled": false
          },
          "sensitive_attributes": [],
          "identity_schema_version": 0,
          "private": "eyJlMmJmYjczMC1lY2FhLTExZTYtOGY4OC0zNDM2M2JjN2M0YzAiOnsiY3JlYXRlIjoyNDAwMDAwMDAwMDAwLCJkZWxldGUiOjI0MDAwMDAwMDAwMDAsInVwZGF0ZSI6NDgwMDAwMDAwMDAwMH0sInNjaGVtYV92ZXJzaW9uIjoiMCJ9",
          "dependencies": [
            "aws_elasticache_subnet_group.cache"
          ]
        }
      ]
    },
    {
      "mode": "managed",
      "type": "aws_elasticache_subnet_group",
      "name": "cache",
      "provider": "provider[\"registry.terraform.io/hashicorp/aws\"]",
      "instances": [
        {
          "index_key": 0,
          "schema_version": 0,
          "attributes": {
            "arn": "arn:aws:elasticache:ap-southeast-2:901444280953:subnetgroup:cab432-subnets",
            "description": "Managed by Terraform",
            "id": "cab432-subnets",
            "name": "cab432-subnets",
            "region": "ap-southeast-2",
            "subnet_ids": [
              "subnet-04cc288ea3b2e1e53",
              "subnet-05d0352bb15852524"
            ],
            "tags": {
              "Project": "n11817143-video-transcoder"
            },
            "tags_all": {
              "Project": "n11817143-video-transcoder"
            },
            "vpc_id": "vpc-007bab53289655834"
          },
          "sensitive_attributes": [],
          "identity_schema_version": 0,
          "private": "bnVsbA=="
        }
      ]
    },
    {
      "mode": "managed",
      "type": "aws_s3_bucket",
      "name": "video",
      "provider": "provider[\"registry.terraform.io/hashicorp/aws\"]",
      "instances": [
        {
          "schema_version": 0,
          "attributes": {
            "acceleration_status": "",
            "acl": null,
            "arn": "arn:aws:s3:::n11817143-a2",
            "bucket": "n11817143-a2",
            "bucket_domain_name": "n11817143-a2.s3.amazonaws.com",
            "bucket_prefix": "",
            "bucket_region": "ap-southeast-2",
            "bucket_regional_domain_name": "n11817143-a2.s3.ap-southeast-2.amazonaws.com",
            "cors_rule": [],
            "force_destroy": false,
            "grant": [
              {
                "id": "4d2bcd4cff110bfecb3929970918c1455fef1490c34431b652be3a4061230d74",
                "permissions": [
                  "FULL_CONTROL"
                ],
                "type": "CanonicalUser",
                "uri": ""
              }
            ],
            "hosted_zone_id": "Z1WCIGYICN2BYD",
            "id": "n11817143-a2",
            "lifecycle_rule": [],
            "logging": [],
            "object_lock_configuration": [],
            "object_lock_enabled": false,
            "policy": "",
            "region": "ap-southeast-2",
            "replication_configuration": [],
            "request_payer": "BucketOwner",
            "server_side_encryption_configuration": [
              {
                "rule": [
                  {
                    "apply_server_side_encryption_by_default": [
                      {
                        "kms_master_key_id": "",
                        "sse_algorithm": "AES256"
                      }
                    ],
                    "bucket_key_enabled": false
                  }
                ]
              }
            ],
            "tags": {
              "Name": "n11817143-a2",
              "Project": "n11817143-video-transcoder"
            },
            "tags_all": {
              "Name": "n11817143-a2",
              "Project": "n11817143-video-transcoder"
            },
            "timeouts": null,
            "versioning": [
              {
                "enabled": true,
                "mfa_delete": false
              }
            ],
            "website": [],
            "website_domain": null,
            "website_endpoint": null
          },
          "sensitive_attributes": [],
          "identity_schema_version": 0,
          "identity": {
            "account_id": "901444280953",
            "bucket": "n11817143-a2",
            "region": "ap-southeast-2"
          },
          "private": "eyJlMmJmYjczMC1lY2FhLTExZTYtOGY4OC0zNDM2M2JjN2M0YzAiOnsiY3JlYXRlIjoxMjAwMDAwMDAwMDAwLCJkZWxldGUiOjM2MDAwMDAwMDAwMDAsInJlYWQiOjEyMDAwMDAwMDAwMDAsInVwZGF0ZSI6MTIwMDAwMDAwMDAwMH19"
        }
      ]
    },
    {
      "mode": "managed",
      "type": "aws_s3_bucket_public_access_block",
      "name": "video",
      "provider": "provider[\"registry.terraform.io/hashicorp/aws\"]",
      "instances": [
        {
          "schema_version": 0,
          "attributes": {
            "block_public_acls": true,
            "block_public_policy": true,
            "bucket": "n11817143-a2",
            "id": "n11817143-a2",
            "ignore_public_acls": true,
            "region": "ap-southeast-2",
            "restrict_public_buckets": true,
            "skip_destroy": null
          },
          "sensitive_attributes": [],
          "identity_schema_version": 0,
          "identity": {
            "account_id": "901444280953",
            "bucket": "n11817143-a2",
            "region": "ap-southeast-2"
          },
          "private": "bnVsbA==",
          "dependencies": [
            "aws_s3_bucket.video"
          ]
        }
      ]
    },
    {
      "mode": "managed",
      "type": "aws_s3_bucket_server_side_encryption_configuration",
      "name": "video",
      "provider": "provider[\"registry.terraform.io/hashicorp/aws\"]",
      "instances": [
        {
          "schema_version": 0,
          "attributes": {
            "bucket": "n11817143-a2",
            "expected_bucket_owner": "",
            "id": "n11817143-a2",
            "region": "ap-southeast-2",
            "rule": [
              {
                "apply_server_side_encryption_by_default": [
                  {
                    "kms_master_key_id": "",
                    "sse_algorithm": "AES256"
                  }
                ],
                "bucket_key_enabled": false
              }
            ]
          },
          "sensitive_attributes": [],
          "identity_schema_version": 0,
          "identity": {
            "account_id": "901444280953",
            "bucket": "n11817143-a2",
            "expected_bucket_owner": null,
            "region": "ap-southeast-2"
          },
          "private": "bnVsbA==",
          "dependencies": [
            "aws_s3_bucket.video"
          ]
        }
      ]
    },
    {
      "mode": "managed",
      "type": "aws_s3_bucket_versioning",
      "name": "video",
      "provider": "provider[\"registry.terraform.io/hashicorp/aws\"]",
      "instances": [
        {
          "schema_version": 0,
          "attributes": {
            "bucket": "n11817143-a2",
            "expected_bucket_owner": "",
            "id": "n11817143-a2",
            "mfa": null,
            "region": "ap-southeast-2",
            "versioning_configuration": [
              {
                "mfa_delete": "",
                "status": "Enabled"
              }
            ]
          },
          "sensitive_attributes": [],
          "identity_schema_version": 0,
          "identity": {
            "account_id": "901444280953",
            "bucket": "n11817143-a2",
            "expected_bucket_owner": null,
            "region": "ap-southeast-2"
          },
          "private": "bnVsbA==",
          "dependencies": [
            "aws_s3_bucket.video"
          ]
        }
      ]
    }
  ],
  "check_results": null
}
