{
  "version": 4,
  "terraform_version": "1.13.3",
  "serial": 140,
  "lineage": "96ee7e56-e5c5-ee4e-c88a-3fb1a7f195b2",
  "outputs": {
    "admin_api_endpoint": {
      "value": "http://n11817143-app-alb-1811658624.ap-southeast-2.elb.amazonaws.com/api/admin",
      "type": "string"
    },
    "admin_service_name": {
      "value": "n11817143-app-admin-service",
      "type": "string"
    },
    "admin_service_repository_url": {
      "value": "901444280953.dkr.ecr.ap-southeast-2.amazonaws.com/n11817143-app/admin-service",
      "type": "string"
    },
    "alb_dns_name": {
      "value": "n11817143-app-alb-1811658624.ap-southeast-2.elb.amazonaws.com",
      "type": "string"
    },
    "alb_zone_id": {
      "value": "Z1GM3OXH4ZPM65",
      "type": "string"
    },
    "api_endpoint": {
      "value": "http://n11817143-app-alb-1811658624.ap-southeast-2.elb.amazonaws.com",
      "type": "string"
    },
    "build_and_push_commands": {
      "value": {
        "admin_service": "docker build -t 901444280953.dkr.ecr.ap-southeast-2.amazonaws.com/n11817143-app/admin-service:latest ./server/services/admin-service \u0026\u0026 docker push 901444280953.dkr.ecr.ap-southeast-2.amazonaws.com/n11817143-app/admin-service:latest",
        "s3_lambda": "docker build -t 901444280953.dkr.ecr.ap-southeast-2.amazonaws.com/n11817143-app/s3-to-sqs-lambda:latest ./lambda/s3-to-sqs \u0026\u0026 docker push 901444280953.dkr.ecr.ap-southeast-2.amazonaws.com/n11817143-app/s3-to-sqs-lambda:latest",
        "transcode_worker": "docker build -t 901444280953.dkr.ecr.ap-southeast-2.amazonaws.com/n11817143-app/transcode-worker:latest ./server/services/transcode-worker \u0026\u0026 docker push 901444280953.dkr.ecr.ap-southeast-2.amazonaws.com/n11817143-app/transcode-worker:latest",
        "video_api": "docker build -t 901444280953.dkr.ecr.ap-southeast-2.amazonaws.com/n11817143-app/video-api:latest ./server/services/video-api \u0026\u0026 docker push 901444280953.dkr.ecr.ap-southeast-2.amazonaws.com/n11817143-app/video-api:latest"
      },
      "type": [
        "object",
        {
          "admin_service": "string",
          "s3_lambda": "string",
          "transcode_worker": "string",
          "video_api": "string"
        }
      ]
    },
    "docker_login_command": {
      "value": "aws ecr get-login-password --region ap-southeast-2 | docker login --username AWS --password-stdin 901444280953.dkr.ecr.ap-southeast-2.amazonaws.com",
      "type": "string",
      "sensitive": true
    },
    "ecs_cluster_arn": {
      "value": "arn:aws:ecs:ap-southeast-2:901444280953:cluster/n11817143-app-cluster",
      "type": "string"
    },
    "ecs_cluster_name": {
      "value": "n11817143-app-cluster",
      "type": "string"
    },
    "private_subnet_ids": {
      "value": [
        "subnet-08e89ff0d9b49c9ae",
        "subnet-07ea9e4f9cc9159ca"
      ],
      "type": [
        "list",
        "string"
      ]
    },
    "public_subnet_ids": {
      "value": [
        "subnet-05d0352bb15852524",
        "subnet-04cc288ea3b2e1e53",
        "subnet-075811427d5564cf9",
        "subnet-05a3b8177138c8b14",
        "subnet-04ca053dcbe5f49cc"
      ],
      "type": [
        "list",
        "string"
      ]
    },
    "s3_lambda_repository_url": {
      "value": "901444280953.dkr.ecr.ap-southeast-2.amazonaws.com/n11817143-app/s3-to-sqs-lambda",
      "type": "string"
    },
    "transcode_worker_repository_url": {
      "value": "901444280953.dkr.ecr.ap-southeast-2.amazonaws.com/n11817143-app/transcode-worker",
      "type": "string"
    },
    "transcode_worker_service_name": {
      "value": "n11817143-app-transcode-worker",
      "type": "string"
    },
    "update_service_commands": {
      "value": {
        "admin_service": "aws ecs update-service --cluster n11817143-app-cluster --service n11817143-app-admin-service --force-new-deployment",
        "transcode_worker": "aws ecs update-service --cluster n11817143-app-cluster --service n11817143-app-transcode-worker --force-new-deployment",
        "video_api": "aws ecs update-service --cluster n11817143-app-cluster --service n11817143-app-video-api --force-new-deployment"
      },
      "type": [
        "object",
        {
          "admin_service": "string",
          "transcode_worker": "string",
          "video_api": "string"
        }
      ]
    },
    "video_api_endpoint": {
      "value": "http://n11817143-app-alb-1811658624.ap-southeast-2.elb.amazonaws.com/api",
      "type": "string"
    },
    "video_api_repository_url": {
      "value": "901444280953.dkr.ecr.ap-southeast-2.amazonaws.com/n11817143-app/video-api",
      "type": "string"
    },
    "video_api_service_name": {
      "value": "n11817143-app-video-api",
      "type": "string"
    },
    "vpc_id": {
      "value": "vpc-007bab53289655834",
      "type": "string"
    }
  },
  "resources": [
    {
      "mode": "data",
      "type": "aws_availability_zones",
      "name": "available",
      "provider": "provider[\"registry.terraform.io/hashicorp/aws\"]",
      "instances": [
        {
          "schema_version": 0,
          "attributes": {
            "all_availability_zones": null,
            "exclude_names": null,
            "exclude_zone_ids": null,
            "filter": null,
            "group_names": [
              "ap-southeast-2-zg-1"
            ],
            "id": "ap-southeast-2",
            "names": [
              "ap-southeast-2a",
              "ap-southeast-2b",
              "ap-southeast-2c"
            ],
            "region": "ap-southeast-2",
            "state": "available",
            "timeouts": null,
            "zone_ids": [
              "apse2-az3",
              "apse2-az1",
              "apse2-az2"
            ]
          },
          "sensitive_attributes": [],
          "identity_schema_version": 0
        }
      ]
    },
    {
      "mode": "data",
      "type": "aws_caller_identity",
      "name": "current",
      "provider": "provider[\"registry.terraform.io/hashicorp/aws\"]",
      "instances": [
        {
          "schema_version": 0,
          "attributes": {
            "account_id": "901444280953",
            "arn": "arn:aws:sts::901444280953:assumed-role/AWSReservedSSO_CAB432-STUDENT_f2baa6a2ba3c79c9/n11817143@qut.edu.au",
            "id": "901444280953",
            "user_id": "AROA5DYSEEJ42SLTQWSAY:n11817143@qut.edu.au"
          },
          "sensitive_attributes": [],
          "identity_schema_version": 0
        }
      ]
    },
    {
      "mode": "data",
      "type": "aws_security_group",
      "name": "cab432_memcached_sg",
      "provider": "provider[\"registry.terraform.io/hashicorp/aws\"]",
      "instances": [
        {
          "schema_version": 0,
          "attributes": {
            "arn": "arn:aws:ec2:ap-southeast-2:901444280953:security-group/sg-07707a36aa1599475",
            "description": "Allow access to memcached from CAB432SG",
            "filter": null,
            "id": "sg-07707a36aa1599475",
            "name": "CAB432MemcachedSG",
            "region": "ap-southeast-2",
            "tags": {},
            "timeouts": null,
            "vpc_id": "vpc-007bab53289655834"
          },
          "sensitive_attributes": [],
          "identity_schema_version": 0
        }
      ]
    },
    {
      "mode": "data",
      "type": "aws_security_group",
      "name": "cab432_sg",
      "provider": "provider[\"registry.terraform.io/hashicorp/aws\"]",
      "instances": [
        {
          "schema_version": 0,
          "attributes": {
            "arn": "arn:aws:ec2:ap-southeast-2:901444280953:security-group/sg-032bd1ff8cf77dbb9",
            "description": "Security Group - Default Port for CAB432 EC2 Users",
            "filter": null,
            "id": "sg-032bd1ff8cf77dbb9",
            "name": "CAB432SG",
            "region": "ap-southeast-2",
            "tags": {
              "Name": "Security Group for CAB432",
              "qut-username": "n12142522@qut.edu.au"
            },
            "timeouts": null,
            "vpc_id": "vpc-007bab53289655834"
          },
          "sensitive_attributes": [],
          "identity_schema_version": 0
        }
      ]
    },
    {
      "mode": "data",
      "type": "aws_subnets",
      "name": "private",
      "provider": "provider[\"registry.terraform.io/hashicorp/aws\"]",
      "instances": [
        {
          "schema_version": 0,
          "attributes": {
            "filter": [
              {
                "name": "map-public-ip-on-launch",
                "values": [
                  "false"
                ]
              },
              {
                "name": "vpc-id",
                "values": [
                  "vpc-007bab53289655834"
                ]
              }
            ],
            "id": "ap-southeast-2",
            "ids": [
              "subnet-08e89ff0d9b49c9ae",
              "subnet-07ea9e4f9cc9159ca"
            ],
            "region": "ap-southeast-2",
            "tags": null,
            "timeouts": null
          },
          "sensitive_attributes": [],
          "identity_schema_version": 0
        }
      ]
    },
    {
      "mode": "data",
      "type": "aws_subnets",
      "name": "public",
      "provider": "provider[\"registry.terraform.io/hashicorp/aws\"]",
      "instances": [
        {
          "schema_version": 0,
          "attributes": {
            "filter": [
              {
                "name": "map-public-ip-on-launch",
                "values": [
                  "true"
                ]
              },
              {
                "name": "vpc-id",
                "values": [
                  "vpc-007bab53289655834"
                ]
              }
            ],
            "id": "ap-southeast-2",
            "ids": [
              "subnet-05d0352bb15852524",
              "subnet-04cc288ea3b2e1e53",
              "subnet-075811427d5564cf9",
              "subnet-05a3b8177138c8b14",
              "subnet-04ca053dcbe5f49cc"
            ],
            "region": "ap-southeast-2",
            "tags": null,
            "timeouts": null
          },
          "sensitive_attributes": [],
          "identity_schema_version": 0
        }
      ]
    },
    {
      "mode": "data",
      "type": "aws_vpc",
      "name": "existing",
      "provider": "provider[\"registry.terraform.io/hashicorp/aws\"]",
      "instances": [
        {
          "schema_version": 0,
          "attributes": {
            "arn": "arn:aws:ec2:ap-southeast-2:901444280953:vpc/vpc-007bab53289655834",
            "cidr_block": "172.31.0.0/16",
            "cidr_block_associations": [
              {
                "association_id": "vpc-cidr-assoc-034452122c8319075",
                "cidr_block": "172.31.0.0/16",
                "state": "associated"
              }
            ],
            "default": false,
            "dhcp_options_id": "dopt-0dcd81db9bf347653",
            "enable_dns_hostnames": true,
            "enable_dns_support": true,
            "enable_network_address_usage_metrics": false,
            "filter": null,
            "id": "vpc-007bab53289655834",
            "instance_tenancy": "default",
            "ipv6_association_id": "",
            "ipv6_cidr_block": "",
            "main_route_table_id": "rtb-04c3d59af838a3821",
            "owner_id": "901444280953",
            "region": "ap-southeast-2",
            "state": null,
            "tags": {
              "Name": "aws-controltower-VPC",
              "qut-username": "10701028"
            },
            "timeouts": null
          },
          "sensitive_attributes": [],
          "identity_schema_version": 0
        }
      ]
    },
    {
      "module": "module.admin_service",
      "mode": "managed",
      "type": "aws_appautoscaling_policy",
      "name": "cpu",
      "provider": "provider[\"registry.terraform.io/hashicorp/aws\"]",
      "instances": [
        {
          "index_key": 0,
          "schema_version": 0,
          "attributes": {
            "alarm_arns": [
              "arn:aws:cloudwatch:ap-southeast-2:901444280953:alarm:TargetTracking-service/n11817143-app-cluster/n11817143-app-admin-service-AlarmHigh-94f55814-d1fb-44b8-a4d6-1a8336ea2987",
              "arn:aws:cloudwatch:ap-southeast-2:901444280953:alarm:TargetTracking-service/n11817143-app-cluster/n11817143-app-admin-service-AlarmLow-b604b97d-02a7-4a87-b090-6d3aa8828697"
            ],
            "arn": "arn:aws:autoscaling:ap-southeast-2:901444280953:scalingPolicy:bda28d64-7342-4cfd-aff8-5aa8bb58a977:resource/ecs/service/n11817143-app-cluster/n11817143-app-admin-service:policyName/n11817143-app-admin-service-cpu-scaling",
            "id": "n11817143-app-admin-service-cpu-scaling",
            "name": "n11817143-app-admin-service-cpu-scaling",
            "policy_type": "TargetTrackingScaling",
            "predictive_scaling_policy_configuration": [],
            "region": "ap-southeast-2",
            "resource_id": "service/n11817143-app-cluster/n11817143-app-admin-service",
            "scalable_dimension": "ecs:service:DesiredCount",
            "service_namespace": "ecs",
            "step_scaling_policy_configuration": [],
            "target_tracking_scaling_policy_configuration": [
              {
                "customized_metric_specification": [],
                "disable_scale_in": false,
                "predefined_metric_specification": [
                  {
                    "predefined_metric_type": "ECSServiceAverageCPUUtilization",
                    "resource_label": ""
                  }
                ],
                "scale_in_cooldown": 300,
                "scale_out_cooldown": 60,
                "target_value": 70
              }
            ]
          },
          "sensitive_attributes": [],
          "identity_schema_version": 0,
          "private": "bnVsbA==",
          "dependencies": [
            "data.aws_caller_identity.current",
            "data.aws_security_group.cab432_sg",
            "data.aws_subnets.public",
            "module.admin_service.aws_appautoscaling_target.main",
            "module.admin_service.aws_ecs_service.main",
            "module.admin_service.aws_ecs_task_definition.main",
            "module.alb.aws_lb_target_group.admin_service",
            "module.ecr.aws_ecr_repository.admin_service",
            "module.ecs_cluster.aws_ecs_cluster.main",
            "module.ecs_cluster.data.aws_cloudwatch_log_group.ecs",
            "module.ecs_cluster.data.aws_iam_role.ecs_task",
            "module.ecs_cluster.data.aws_iam_role.ecs_task_execution"
          ]
        }
      ]
    },
    {
      "module": "module.admin_service",
      "mode": "managed",
      "type": "aws_appautoscaling_policy",
      "name": "memory",
      "provider": "provider[\"registry.terraform.io/hashicorp/aws\"]",
      "instances": [
        {
          "index_key": 0,
          "schema_version": 0,
          "attributes": {
            "alarm_arns": [
              "arn:aws:cloudwatch:ap-southeast-2:901444280953:alarm:TargetTracking-service/n11817143-app-cluster/n11817143-app-admin-service-AlarmHigh-54f876e1-ca79-460c-ae88-7d1da1f6259d",
              "arn:aws:cloudwatch:ap-southeast-2:901444280953:alarm:TargetTracking-service/n11817143-app-cluster/n11817143-app-admin-service-AlarmLow-add8f22f-0d8c-4212-92c3-267fe7b25d88"
            ],
            "arn": "arn:aws:autoscaling:ap-southeast-2:901444280953:scalingPolicy:bda28d64-7342-4cfd-aff8-5aa8bb58a977:resource/ecs/service/n11817143-app-cluster/n11817143-app-admin-service:policyName/n11817143-app-admin-service-memory-scaling",
            "id": "n11817143-app-admin-service-memory-scaling",
            "name": "n11817143-app-admin-service-memory-scaling",
            "policy_type": "TargetTrackingScaling",
            "predictive_scaling_policy_configuration": [],
            "region": "ap-southeast-2",
            "resource_id": "service/n11817143-app-cluster/n11817143-app-admin-service",
            "scalable_dimension": "ecs:service:DesiredCount",
            "service_namespace": "ecs",
            "step_scaling_policy_configuration": [],
            "target_tracking_scaling_policy_configuration": [
              {
                "customized_metric_specification": [],
                "disable_scale_in": false,
                "predefined_metric_specification": [
                  {
                    "predefined_metric_type": "ECSServiceAverageMemoryUtilization",
                    "resource_label": ""
                  }
                ],
                "scale_in_cooldown": 300,
                "scale_out_cooldown": 60,
                "target_value": 80
              }
            ]
          },
          "sensitive_attributes": [],
          "identity_schema_version": 0,
          "private": "bnVsbA==",
          "dependencies": [
            "data.aws_caller_identity.current",
            "data.aws_security_group.cab432_sg",
            "data.aws_subnets.public",
            "module.admin_service.aws_appautoscaling_target.main",
            "module.admin_service.aws_ecs_service.main",
            "module.admin_service.aws_ecs_task_definition.main",
            "module.alb.aws_lb_target_group.admin_service",
            "module.ecr.aws_ecr_repository.admin_service",
            "module.ecs_cluster.aws_ecs_cluster.main",
            "module.ecs_cluster.data.aws_cloudwatch_log_group.ecs",
            "module.ecs_cluster.data.aws_iam_role.ecs_task",
            "module.ecs_cluster.data.aws_iam_role.ecs_task_execution"
          ]
        }
      ]
    },
    {
      "module": "module.admin_service",
      "mode": "managed",
      "type": "aws_appautoscaling_target",
      "name": "main",
      "provider": "provider[\"registry.terraform.io/hashicorp/aws\"]",
      "instances": [
        {
          "index_key": 0,
          "schema_version": 0,
          "attributes": {
            "arn": "arn:aws:application-autoscaling:ap-southeast-2:901444280953:scalable-target/0ec5bda28d6473424cfdaff85aa8bb58a977",
            "id": "service/n11817143-app-cluster/n11817143-app-admin-service",
            "max_capacity": 3,
            "min_capacity": 1,
            "region": "ap-southeast-2",
            "resource_id": "service/n11817143-app-cluster/n11817143-app-admin-service",
            "role_arn": "arn:aws:iam::901444280953:role/aws-service-role/ecs.application-autoscaling.amazonaws.com/AWSServiceRoleForApplicationAutoScaling_ECSService",
            "scalable_dimension": "ecs:service:DesiredCount",
            "service_namespace": "ecs",
            "suspended_state": [
              {
                "dynamic_scaling_in_suspended": false,
                "dynamic_scaling_out_suspended": false,
                "scheduled_scaling_suspended": false
              }
            ],
            "tags": {},
            "tags_all": {
              "ManagedBy": "Terraform",
              "Project": "CAB432-VideoApp",
              "Student": "n11817143",
              "qut-username": "n11817143@qut.edu.au"
            }
          },
          "sensitive_attributes": [],
          "identity_schema_version": 0,
          "private": "bnVsbA==",
          "dependencies": [
            "data.aws_caller_identity.current",
            "data.aws_security_group.cab432_sg",
            "data.aws_subnets.public",
            "module.admin_service.aws_ecs_service.main",
            "module.admin_service.aws_ecs_task_definition.main",
            "module.alb.aws_lb_target_group.admin_service",
            "module.ecr.aws_ecr_repository.admin_service",
            "module.ecs_cluster.aws_ecs_cluster.main",
            "module.ecs_cluster.data.aws_cloudwatch_log_group.ecs",
            "module.ecs_cluster.data.aws_iam_role.ecs_task",
            "module.ecs_cluster.data.aws_iam_role.ecs_task_execution"
          ]
        }
      ]
    },
    {
      "module": "module.admin_service",
      "mode": "managed",
      "type": "aws_cloudwatch_metric_alarm",
      "name": "cpu_high",
      "provider": "provider[\"registry.terraform.io/hashicorp/aws\"]",
      "instances": [
        {
          "index_key": 0,
          "schema_version": 1,
          "attributes": {
            "actions_enabled": true,
            "alarm_actions": [],
            "alarm_description": "Alert when CPU exceeds 80%",
            "alarm_name": "n11817143-app-admin-service-cpu-high",
            "arn": "arn:aws:cloudwatch:ap-southeast-2:901444280953:alarm:n11817143-app-admin-service-cpu-high",
            "comparison_operator": "GreaterThanThreshold",
            "datapoints_to_alarm": 0,
            "dimensions": {
              "ClusterName": "n11817143-app-cluster",
              "ServiceName": "n11817143-app-admin-service"
            },
            "evaluate_low_sample_count_percentiles": "",
            "evaluation_periods": 2,
            "extended_statistic": "",
            "id": "n11817143-app-admin-service-cpu-high",
            "insufficient_data_actions": [],
            "metric_name": "CPUUtilization",
            "metric_query": [],
            "namespace": "AWS/ECS",
            "ok_actions": [],
            "period": 300,
            "region": "ap-southeast-2",
            "statistic": "Average",
            "tags": {
              "Environment": "prod",
              "Project": "n11817143-app",
              "Service": "admin-service"
            },
            "tags_all": {
              "Environment": "prod",
              "ManagedBy": "Terraform",
              "Project": "n11817143-app",
              "Service": "admin-service",
              "Student": "n11817143",
              "qut-username": "n11817143@qut.edu.au"
            },
            "threshold": 80,
            "threshold_metric_id": "",
            "treat_missing_data": "notBreaching",
            "unit": ""
          },
          "sensitive_attributes": [],
          "identity_schema_version": 0,
          "identity": {
            "account_id": "901444280953",
            "alarm_name": "n11817143-app-admin-service-cpu-high",
            "region": "ap-southeast-2"
          },
          "private": "eyJzY2hlbWFfdmVyc2lvbiI6IjEifQ==",
          "dependencies": [
            "data.aws_caller_identity.current",
            "data.aws_security_group.cab432_sg",
            "data.aws_subnets.public",
            "module.admin_service.aws_ecs_service.main",
            "module.admin_service.aws_ecs_task_definition.main",
            "module.alb.aws_lb_target_group.admin_service",
            "module.ecr.aws_ecr_repository.admin_service",
            "module.ecs_cluster.aws_ecs_cluster.main",
            "module.ecs_cluster.data.aws_cloudwatch_log_group.ecs",
            "module.ecs_cluster.data.aws_iam_role.ecs_task",
            "module.ecs_cluster.data.aws_iam_role.ecs_task_execution"
          ]
        }
      ]
    },
    {
      "module": "module.admin_service",
      "mode": "managed",
      "type": "aws_cloudwatch_metric_alarm",
      "name": "memory_high",
      "provider": "provider[\"registry.terraform.io/hashicorp/aws\"]",
      "instances": [
        {
          "index_key": 0,
          "schema_version": 1,
          "attributes": {
            "actions_enabled": true,
            "alarm_actions": [],
            "alarm_description": "Alert when memory exceeds 80%",
            "alarm_name": "n11817143-app-admin-service-memory-high",
            "arn": "arn:aws:cloudwatch:ap-southeast-2:901444280953:alarm:n11817143-app-admin-service-memory-high",
            "comparison_operator": "GreaterThanThreshold",
            "datapoints_to_alarm": 0,
            "dimensions": {
              "ClusterName": "n11817143-app-cluster",
              "ServiceName": "n11817143-app-admin-service"
            },
            "evaluate_low_sample_count_percentiles": "",
            "evaluation_periods": 2,
            "extended_statistic": "",
            "id": "n11817143-app-admin-service-memory-high",
            "insufficient_data_actions": [],
            "metric_name": "MemoryUtilization",
            "metric_query": [],
            "namespace": "AWS/ECS",
            "ok_actions": [],
            "period": 300,
            "region": "ap-southeast-2",
            "statistic": "Average",
            "tags": {
              "Environment": "prod",
              "Project": "n11817143-app",
              "Service": "admin-service"
            },
            "tags_all": {
              "Environment": "prod",
              "ManagedBy": "Terraform",
              "Project": "n11817143-app",
              "Service": "admin-service",
              "Student": "n11817143",
              "qut-username": "n11817143@qut.edu.au"
            },
            "threshold": 80,
            "threshold_metric_id": "",
            "treat_missing_data": "notBreaching",
            "unit": ""
          },
          "sensitive_attributes": [],
          "identity_schema_version": 0,
          "identity": {
            "account_id": "901444280953",
            "alarm_name": "n11817143-app-admin-service-memory-high",
            "region": "ap-southeast-2"
          },
          "private": "eyJzY2hlbWFfdmVyc2lvbiI6IjEifQ==",
          "dependencies": [
            "data.aws_caller_identity.current",
            "data.aws_security_group.cab432_sg",
            "data.aws_subnets.public",
            "module.admin_service.aws_ecs_service.main",
            "module.admin_service.aws_ecs_task_definition.main",
            "module.alb.aws_lb_target_group.admin_service",
            "module.ecr.aws_ecr_repository.admin_service",
            "module.ecs_cluster.aws_ecs_cluster.main",
            "module.ecs_cluster.data.aws_cloudwatch_log_group.ecs",
            "module.ecs_cluster.data.aws_iam_role.ecs_task",
            "module.ecs_cluster.data.aws_iam_role.ecs_task_execution"
          ]
        }
      ]
    },
    {
      "module": "module.admin_service",
      "mode": "managed",
      "type": "aws_ecs_service",
      "name": "main",
      "provider": "provider[\"registry.terraform.io/hashicorp/aws\"]",
      "instances": [
        {
          "schema_version": 1,
          "attributes": {
            "alarms": [],
            "arn": "arn:aws:ecs:ap-southeast-2:901444280953:service/n11817143-app-cluster/n11817143-app-admin-service",
            "availability_zone_rebalancing": "ENABLED",
            "capacity_provider_strategy": [],
            "cluster": "arn:aws:ecs:ap-southeast-2:901444280953:cluster/n11817143-app-cluster",
            "deployment_circuit_breaker": [
              {
                "enable": false,
                "rollback": false
              }
            ],
            "deployment_configuration": [
              {
                "bake_time_in_minutes": "0",
                "lifecycle_hook": [],
                "strategy": "ROLLING"
              }
            ],
            "deployment_controller": [
              {
                "type": "ECS"
              }
            ],
            "deployment_maximum_percent": 200,
            "deployment_minimum_healthy_percent": 100,
            "desired_count": 1,
            "enable_ecs_managed_tags": false,
            "enable_execute_command": true,
            "force_delete": null,
            "force_new_deployment": null,
            "health_check_grace_period_seconds": 60,
            "iam_role": "/aws-service-role/ecs.amazonaws.com/AWSServiceRoleForECS",
            "id": "arn:aws:ecs:ap-southeast-2:901444280953:service/n11817143-app-cluster/n11817143-app-admin-service",
            "launch_type": "FARGATE",
            "load_balancer": [
              {
                "advanced_configuration": [],
                "container_name": "admin-service",
                "container_port": 8081,
                "elb_name": "",
                "target_group_arn": "arn:aws:elasticloadbalancing:ap-southeast-2:901444280953:targetgroup/n11817143-app-admin-service-tg/a0b0b41ab33e9057"
              }
            ],
            "name": "n11817143-app-admin-service",
            "network_configuration": [
              {
                "assign_public_ip": true,
                "security_groups": [
                  "sg-032bd1ff8cf77dbb9"
                ],
                "subnets": [
                  "subnet-04ca053dcbe5f49cc",
                  "subnet-04cc288ea3b2e1e53",
                  "subnet-05a3b8177138c8b14",
                  "subnet-05d0352bb15852524",
                  "subnet-075811427d5564cf9"
                ]
              }
            ],
            "ordered_placement_strategy": [],
            "placement_constraints": [],
            "platform_version": "LATEST",
            "propagate_tags": "NONE",
            "region": "ap-southeast-2",
            "scheduling_strategy": "REPLICA",
            "service_connect_configuration": [],
            "service_registries": [],
            "sigint_rollback": null,
            "tags": {
              "Environment": "prod",
              "Name": "n11817143-app-admin-service",
              "Project": "n11817143-app",
              "Service": "admin-service"
            },
            "tags_all": {
              "Environment": "prod",
              "ManagedBy": "Terraform",
              "Name": "n11817143-app-admin-service",
              "Project": "n11817143-app",
              "Service": "admin-service",
              "Student": "n11817143",
              "qut-username": "n11817143@qut.edu.au"
            },
            "task_definition": "arn:aws:ecs:ap-southeast-2:901444280953:task-definition/n11817143-app-admin-service:3",
            "timeouts": null,
            "triggers": {},
            "volume_configuration": [],
            "vpc_lattice_configurations": [],
            "wait_for_steady_state": false
          },
          "sensitive_attributes": [],
          "identity_schema_version": 0,
          "private": "eyJlMmJmYjczMC1lY2FhLTExZTYtOGY4OC0zNDM2M2JjN2M0YzAiOnsiY3JlYXRlIjoxMjAwMDAwMDAwMDAwLCJkZWxldGUiOjEyMDAwMDAwMDAwMDAsInVwZGF0ZSI6MTIwMDAwMDAwMDAwMH0sInNjaGVtYV92ZXJzaW9uIjoiMSJ9",
          "dependencies": [
            "data.aws_caller_identity.current",
            "data.aws_security_group.cab432_sg",
            "data.aws_subnets.public",
            "module.admin_service.aws_ecs_task_definition.main",
            "module.alb.aws_lb_target_group.admin_service",
            "module.ecr.aws_ecr_repository.admin_service",
            "module.ecs_cluster.aws_ecs_cluster.main",
            "module.ecs_cluster.data.aws_cloudwatch_log_group.ecs",
            "module.ecs_cluster.data.aws_iam_role.ecs_task",
            "module.ecs_cluster.data.aws_iam_role.ecs_task_execution"
          ]
        }
      ]
    },
    {
      "module": "module.admin_service",
      "mode": "managed",
      "type": "aws_ecs_task_definition",
      "name": "main",
      "provider": "provider[\"registry.terraform.io/hashicorp/aws\"]",
      "instances": [
        {
          "schema_version": 1,
          "attributes": {
            "arn": "arn:aws:ecs:ap-southeast-2:901444280953:task-definition/n11817143-app-admin-service:3",
            "arn_without_revision": "arn:aws:ecs:ap-southeast-2:901444280953:task-definition/n11817143-app-admin-service",
            "container_definitions": "[{\"environment\":[{\"name\":\"AWS_REGION\",\"value\":\"ap-southeast-2\"},{\"name\":\"COGNITO_CLIENT_ID\",\"value\":\"1dnnr9c18vuk983t8iojkgd8e\"},{\"name\":\"COGNITO_REGION\",\"value\":\"ap-southeast-2\"},{\"name\":\"COGNITO_USER_POOL_ID\",\"value\":\"ap-southeast-2_CdVnmKfW\"},{\"name\":\"DYNAMODB_TABLE_NAME\",\"value\":\"n11817143-videos\"},{\"name\":\"NODE_ENV\",\"value\":\"prod\"},{\"name\":\"PORT\",\"value\":\"8081\"},{\"name\":\"S3_BUCKET_NAME\",\"value\":\"n11817143-a2\"},{\"name\":\"USE_PARAMETER_STORE\",\"value\":\"false\"}],\"essential\":true,\"image\":\"901444280953.dkr.ecr.ap-southeast-2.amazonaws.com/n11817143-app/admin-service:latest\",\"logConfiguration\":{\"logDriver\":\"awslogs\",\"options\":{\"awslogs-group\":\"/ecs/n11817143-app\",\"awslogs-region\":\"ap-southeast-2\",\"awslogs-stream-prefix\":\"admin-service\"}},\"mountPoints\":[],\"name\":\"admin-service\",\"portMappings\":[{\"containerPort\":8081,\"hostPort\":8081,\"protocol\":\"tcp\"}],\"secrets\":[{\"name\":\"JWT_SECRET\",\"valueFrom\":\"arn:aws:ssm:ap-southeast-2:901444280953:parameter/videoapp/prod/jwt-secret\"}],\"systemControls\":[],\"volumesFrom\":[]}]",
            "cpu": "256",
            "enable_fault_injection": false,
            "ephemeral_storage": [],
            "execution_role_arn": "arn:aws:iam::901444280953:role/Execution-Role-CAB432-ECS",
            "family": "n11817143-app-admin-service",
            "id": "n11817143-app-admin-service",
            "ipc_mode": "",
            "memory": "512",
            "network_mode": "awsvpc",
            "pid_mode": "",
            "placement_constraints": [],
            "proxy_configuration": [],
            "region": "ap-southeast-2",
            "requires_compatibilities": [
              "FARGATE"
            ],
            "revision": 3,
            "runtime_platform": [],
            "skip_destroy": false,
            "tags": {
              "Environment": "prod",
              "Name": "n11817143-app-admin-service",
              "Project": "n11817143-app",
              "Service": "admin-service"
            },
            "tags_all": {
              "Environment": "prod",
              "ManagedBy": "Terraform",
              "Name": "n11817143-app-admin-service",
              "Project": "n11817143-app",
              "Service": "admin-service",
              "Student": "n11817143",
              "qut-username": "n11817143@qut.edu.au"
            },
            "task_role_arn": "arn:aws:iam::901444280953:role/Task-Role-CAB432-ECS",
            "track_latest": false,
            "volume": []
          },
          "sensitive_attributes": [],
          "identity_schema_version": 0,
          "private": "eyJzY2hlbWFfdmVyc2lvbiI6IjEifQ==",
          "dependencies": [
            "data.aws_caller_identity.current",
            "module.ecr.aws_ecr_repository.admin_service",
            "module.ecs_cluster.data.aws_cloudwatch_log_group.ecs",
            "module.ecs_cluster.data.aws_iam_role.ecs_task",
            "module.ecs_cluster.data.aws_iam_role.ecs_task_execution"
          ]
        }
      ]
    },
    {
      "module": "module.alb",
      "mode": "managed",
      "type": "aws_cloudwatch_metric_alarm",
      "name": "alb_target_response_time",
      "provider": "provider[\"registry.terraform.io/hashicorp/aws\"]",
      "instances": [
        {
          "index_key": 0,
          "schema_version": 1,
          "attributes": {
            "actions_enabled": true,
            "alarm_actions": null,
            "alarm_description": "Alert when ALB target response time is too high",
            "alarm_name": "n11817143-app-alb-high-response-time",
            "arn": "arn:aws:cloudwatch:ap-southeast-2:901444280953:alarm:n11817143-app-alb-high-response-time",
            "comparison_operator": "GreaterThanThreshold",
            "datapoints_to_alarm": 0,
            "dimensions": {
              "LoadBalancer": "app/n11817143-app-alb/a2b0061d0cefe76b"
            },
            "evaluate_low_sample_count_percentiles": "",
            "evaluation_periods": 2,
            "extended_statistic": "",
            "id": "n11817143-app-alb-high-response-time",
            "insufficient_data_actions": null,
            "metric_name": "TargetResponseTime",
            "metric_query": [],
            "namespace": "AWS/ApplicationELB",
            "ok_actions": null,
            "period": 300,
            "region": "ap-southeast-2",
            "statistic": "Average",
            "tags": {
              "Environment": "prod",
              "Project": "n11817143-app"
            },
            "tags_all": {
              "Environment": "prod",
              "ManagedBy": "Terraform",
              "Project": "n11817143-app",
              "Student": "n11817143",
              "qut-username": "n11817143@qut.edu.au"
            },
            "threshold": 1,
            "threshold_metric_id": "",
            "treat_missing_data": "notBreaching",
            "unit": ""
          },
          "sensitive_attributes": [],
          "identity_schema_version": 0,
          "identity": {
            "account_id": "901444280953",
            "alarm_name": "n11817143-app-alb-high-response-time",
            "region": "ap-southeast-2"
          },
          "private": "eyJzY2hlbWFfdmVyc2lvbiI6IjEifQ==",
          "dependencies": [
            "data.aws_security_group.cab432_sg",
            "module.alb.aws_lb.main"
          ]
        }
      ]
    },
    {
      "module": "module.alb",
      "mode": "managed",
      "type": "aws_cloudwatch_metric_alarm",
      "name": "alb_unhealthy_hosts",
      "provider": "provider[\"registry.terraform.io/hashicorp/aws\"]",
      "instances": [
        {
          "index_key": 0,
          "schema_version": 1,
          "attributes": {
            "actions_enabled": true,
            "alarm_actions": null,
            "alarm_description": "Alert when there are unhealthy hosts",
            "alarm_name": "n11817143-app-alb-unhealthy-hosts",
            "arn": "arn:aws:cloudwatch:ap-southeast-2:901444280953:alarm:n11817143-app-alb-unhealthy-hosts",
            "comparison_operator": "GreaterThanThreshold",
            "datapoints_to_alarm": 0,
            "dimensions": {
              "LoadBalancer": "app/n11817143-app-alb/a2b0061d0cefe76b"
            },
            "evaluate_low_sample_count_percentiles": "",
            "evaluation_periods": 2,
            "extended_statistic": "",
            "id": "n11817143-app-alb-unhealthy-hosts",
            "insufficient_data_actions": null,
            "metric_name": "UnHealthyHostCount",
            "metric_query": [],
            "namespace": "AWS/ApplicationELB",
            "ok_actions": null,
            "period": 60,
            "region": "ap-southeast-2",
            "statistic": "Average",
            "tags": {
              "Environment": "prod",
              "Project": "n11817143-app"
            },
            "tags_all": {
              "Environment": "prod",
              "ManagedBy": "Terraform",
              "Project": "n11817143-app",
              "Student": "n11817143",
              "qut-username": "n11817143@qut.edu.au"
            },
            "threshold": 0,
            "threshold_metric_id": "",
            "treat_missing_data": "notBreaching",
            "unit": ""
          },
          "sensitive_attributes": [],
          "identity_schema_version": 0,
          "identity": {
            "account_id": "901444280953",
            "alarm_name": "n11817143-app-alb-unhealthy-hosts",
            "region": "ap-southeast-2"
          },
          "private": "eyJzY2hlbWFfdmVyc2lvbiI6IjEifQ==",
          "dependencies": [
            "data.aws_security_group.cab432_sg",
            "module.alb.aws_lb.main"
          ]
        }
      ]
    },
    {
      "module": "module.alb",
      "mode": "managed",
      "type": "aws_lb",
      "name": "main",
      "provider": "provider[\"registry.terraform.io/hashicorp/aws\"]",
      "instances": [
        {
          "schema_version": 0,
          "attributes": {
            "access_logs": [
              {
                "bucket": "",
                "enabled": false,
                "prefix": ""
              }
            ],
            "arn": "arn:aws:elasticloadbalancing:ap-southeast-2:901444280953:loadbalancer/app/n11817143-app-alb/a2b0061d0cefe76b",
            "arn_suffix": "app/n11817143-app-alb/a2b0061d0cefe76b",
            "client_keep_alive": 3600,
            "connection_logs": [
              {
                "bucket": "",
                "enabled": false,
                "prefix": ""
              }
            ],
            "customer_owned_ipv4_pool": "",
            "desync_mitigation_mode": "defensive",
            "dns_name": "n11817143-app-alb-1811658624.ap-southeast-2.elb.amazonaws.com",
            "dns_record_client_routing_policy": null,
            "drop_invalid_header_fields": false,
            "enable_cross_zone_load_balancing": true,
            "enable_deletion_protection": false,
            "enable_http2": true,
            "enable_tls_version_and_cipher_suite_headers": false,
            "enable_waf_fail_open": false,
            "enable_xff_client_port": false,
            "enable_zonal_shift": false,
            "enforce_security_group_inbound_rules_on_private_link_traffic": "",
            "id": "arn:aws:elasticloadbalancing:ap-southeast-2:901444280953:loadbalancer/app/n11817143-app-alb/a2b0061d0cefe76b",
            "idle_timeout": 60,
            "internal": false,
            "ip_address_type": "ipv4",
            "ipam_pools": [],
            "load_balancer_type": "application",
            "minimum_load_balancer_capacity": [],
            "name": "n11817143-app-alb",
            "name_prefix": "",
            "preserve_host_header": false,
            "region": "ap-southeast-2",
            "secondary_ips_auto_assigned_per_subnet": null,
            "security_groups": [
              "sg-032bd1ff8cf77dbb9"
            ],
            "subnet_mapping": [
              {
                "allocation_id": "",
                "ipv6_address": "",
                "outpost_id": "",
                "private_ipv4_address": "",
                "subnet_id": "subnet-04cc288ea3b2e1e53"
              },
              {
                "allocation_id": "",
                "ipv6_address": "",
                "outpost_id": "",
                "private_ipv4_address": "",
                "subnet_id": "subnet-05d0352bb15852524"
              },
              {
                "allocation_id": "",
                "ipv6_address": "",
                "outpost_id": "",
                "private_ipv4_address": "",
                "subnet_id": "subnet-075811427d5564cf9"
              }
            ],
            "subnets": [
              "subnet-04cc288ea3b2e1e53",
              "subnet-05d0352bb15852524",
              "subnet-075811427d5564cf9"
            ],
            "tags": {
              "Environment": "prod",
              "Name": "n11817143-app-alb",
              "Project": "n11817143-app"
            },
            "tags_all": {
              "Environment": "prod",
              "ManagedBy": "Terraform",
              "Name": "n11817143-app-alb",
              "Project": "n11817143-app",
              "Student": "n11817143",
              "qut-username": "n11817143@qut.edu.au"
            },
            "timeouts": null,
            "vpc_id": "vpc-007bab53289655834",
            "xff_header_processing_mode": "append",
            "zone_id": "Z1GM3OXH4ZPM65"
          },
          "sensitive_attributes": [],
          "identity_schema_version": 0,
          "identity": {
            "arn": "arn:aws:elasticloadbalancing:ap-southeast-2:901444280953:loadbalancer/app/n11817143-app-alb/a2b0061d0cefe76b"
          },
          "private": "eyJlMmJmYjczMC1lY2FhLTExZTYtOGY4OC0zNDM2M2JjN2M0YzAiOnsiY3JlYXRlIjo2MDAwMDAwMDAwMDAsImRlbGV0ZSI6NjAwMDAwMDAwMDAwLCJ1cGRhdGUiOjYwMDAwMDAwMDAwMH19",
          "dependencies": [
            "data.aws_security_group.cab432_sg"
          ]
        }
      ]
    },
    {
      "module": "module.alb",
      "mode": "managed",
      "type": "aws_lb_listener",
      "name": "http",
      "provider": "provider[\"registry.terraform.io/hashicorp/aws\"]",
      "instances": [
        {
          "schema_version": 0,
          "attributes": {
            "alpn_policy": null,
            "arn": "arn:aws:elasticloadbalancing:ap-southeast-2:901444280953:listener/app/n11817143-app-alb/a2b0061d0cefe76b/b4a7024478028052",
            "certificate_arn": null,
            "default_action": [
              {
                "authenticate_cognito": [],
                "authenticate_oidc": [],
                "fixed_response": [],
                "forward": [
                  {
                    "stickiness": [
                      {
                        "duration": 0,
                        "enabled": false
                      }
                    ],
                    "target_group": [
                      {
                        "arn": "arn:aws:elasticloadbalancing:ap-southeast-2:901444280953:targetgroup/n11817143-app-video-api-tg/881c45a046094ed7",
                        "weight": 100
                      }
                    ]
                  }
                ],
                "order": 1,
                "redirect": [],
                "target_group_arn": "",
                "type": "forward"
              }
            ],
            "id": "arn:aws:elasticloadbalancing:ap-southeast-2:901444280953:listener/app/n11817143-app-alb/a2b0061d0cefe76b/b4a7024478028052",
            "load_balancer_arn": "arn:aws:elasticloadbalancing:ap-southeast-2:901444280953:loadbalancer/app/n11817143-app-alb/a2b0061d0cefe76b",
            "mutual_authentication": [],
            "port": 80,
            "protocol": "HTTP",
            "region": "ap-southeast-2",
            "routing_http_request_x_amzn_mtls_clientcert_header_name": null,
            "routing_http_request_x_amzn_mtls_clientcert_issuer_header_name": null,
            "routing_http_request_x_amzn_mtls_clientcert_leaf_header_name": null,
            "routing_http_request_x_amzn_mtls_clientcert_serial_number_header_name": null,
            "routing_http_request_x_amzn_mtls_clientcert_subject_header_name": null,
            "routing_http_request_x_amzn_mtls_clientcert_validity_header_name": null,
            "routing_http_request_x_amzn_tls_cipher_suite_header_name": null,
            "routing_http_request_x_amzn_tls_version_header_name": null,
            "routing_http_response_access_control_allow_credentials_header_value": "",
            "routing_http_response_access_control_allow_headers_header_value": "",
            "routing_http_response_access_control_allow_methods_header_value": "",
            "routing_http_response_access_control_allow_origin_header_value": "",
            "routing_http_response_access_control_expose_headers_header_value": "",
            "routing_http_response_access_control_max_age_header_value": "",
            "routing_http_response_content_security_policy_header_value": "",
            "routing_http_response_server_enabled": true,
            "routing_http_response_strict_transport_security_header_value": "",
            "routing_http_response_x_content_type_options_header_value": "",
            "routing_http_response_x_frame_options_header_value": "",
            "ssl_policy": "",
            "tags": null,
            "tags_all": {
              "ManagedBy": "Terraform",
              "Project": "CAB432-VideoApp",
              "Student": "n11817143",
              "qut-username": "n11817143@qut.edu.au"
            },
            "tcp_idle_timeout_seconds": null,
            "timeouts": null
          },
          "sensitive_attributes": [],
          "identity_schema_version": 0,
          "identity": {
            "arn": "arn:aws:elasticloadbalancing:ap-southeast-2:901444280953:listener/app/n11817143-app-alb/a2b0061d0cefe76b/b4a7024478028052"
          },
          "private": "eyJlMmJmYjczMC1lY2FhLTExZTYtOGY4OC0zNDM2M2JjN2M0YzAiOnsiY3JlYXRlIjozMDAwMDAwMDAwMDAsInVwZGF0ZSI6MzAwMDAwMDAwMDAwfX0=",
          "dependencies": [
            "data.aws_security_group.cab432_sg",
            "module.alb.aws_lb.main",
            "module.alb.aws_lb_target_group.video_api"
          ]
        }
      ]
    },
    {
      "module": "module.alb",
      "mode": "managed",
      "type": "aws_lb_listener_rule",
      "name": "admin_service",
      "provider": "provider[\"registry.terraform.io/hashicorp/aws\"]",
      "instances": [
        {
          "schema_version": 0,
          "attributes": {
            "action": [
              {
                "authenticate_cognito": [],
                "authenticate_oidc": [],
                "fixed_response": [],
                "forward": [],
                "order": 1,
                "redirect": [],
                "target_group_arn": "arn:aws:elasticloadbalancing:ap-southeast-2:901444280953:targetgroup/n11817143-app-admin-service-tg/a0b0b41ab33e9057",
                "type": "forward"
              }
            ],
            "arn": "arn:aws:elasticloadbalancing:ap-southeast-2:901444280953:listener-rule/app/n11817143-app-alb/a2b0061d0cefe76b/b4a7024478028052/e4b8f2d79f589c20",
            "condition": [
              {
                "host_header": [],
                "http_header": [],
                "http_request_method": [],
                "path_pattern": [
                  {
                    "values": [
                      "/api/admin/*"
                    ]
                  }
                ],
                "query_string": [],
                "source_ip": []
              }
            ],
            "id": "arn:aws:elasticloadbalancing:ap-southeast-2:901444280953:listener-rule/app/n11817143-app-alb/a2b0061d0cefe76b/b4a7024478028052/e4b8f2d79f589c20",
            "listener_arn": "arn:aws:elasticloadbalancing:ap-southeast-2:901444280953:listener/app/n11817143-app-alb/a2b0061d0cefe76b/b4a7024478028052",
            "priority": 200,
            "region": "ap-southeast-2",
            "tags": null,
            "tags_all": {
              "ManagedBy": "Terraform",
              "Project": "CAB432-VideoApp",
              "Student": "n11817143",
              "qut-username": "n11817143@qut.edu.au"
            }
          },
          "sensitive_attributes": [],
          "identity_schema_version": 0,
          "identity": {
            "arn": "arn:aws:elasticloadbalancing:ap-southeast-2:901444280953:listener-rule/app/n11817143-app-alb/a2b0061d0cefe76b/b4a7024478028052/e4b8f2d79f589c20"
          },
          "private": "bnVsbA==",
          "dependencies": [
            "data.aws_security_group.cab432_sg",
            "module.alb.aws_lb.main",
            "module.alb.aws_lb_listener.http",
            "module.alb.aws_lb_listener.https",
            "module.alb.aws_lb_target_group.admin_service",
            "module.alb.aws_lb_target_group.video_api"
          ]
        }
      ]
    },
    {
      "module": "module.alb",
      "mode": "managed",
      "type": "aws_lb_listener_rule",
      "name": "video_api",
      "provider": "provider[\"registry.terraform.io/hashicorp/aws\"]",
      "instances": [
        {
          "schema_version": 0,
          "attributes": {
            "action": [
              {
                "authenticate_cognito": [],
                "authenticate_oidc": [],
                "fixed_response": [],
                "forward": [],
                "order": 1,
                "redirect": [],
                "target_group_arn": "arn:aws:elasticloadbalancing:ap-southeast-2:901444280953:targetgroup/n11817143-app-video-api-tg/881c45a046094ed7",
                "type": "forward"
              }
            ],
            "arn": "arn:aws:elasticloadbalancing:ap-southeast-2:901444280953:listener-rule/app/n11817143-app-alb/a2b0061d0cefe76b/b4a7024478028052/c6f674d168271add",
            "condition": [
              {
                "host_header": [],
                "http_header": [],
                "http_request_method": [],
                "path_pattern": [
                  {
                    "values": [
                      "/api/auth/*",
                      "/api/cache/*",
                      "/api/videos/*",
                      "/healthz"
                    ]
                  }
                ],
                "query_string": [],
                "source_ip": []
              }
            ],
            "id": "arn:aws:elasticloadbalancing:ap-southeast-2:901444280953:listener-rule/app/n11817143-app-alb/a2b0061d0cefe76b/b4a7024478028052/c6f674d168271add",
            "listener_arn": "arn:aws:elasticloadbalancing:ap-southeast-2:901444280953:listener/app/n11817143-app-alb/a2b0061d0cefe76b/b4a7024478028052",
            "priority": 100,
            "region": "ap-southeast-2",
            "tags": null,
            "tags_all": {
              "ManagedBy": "Terraform",
              "Project": "CAB432-VideoApp",
              "Student": "n11817143",
              "qut-username": "n11817143@qut.edu.au"
            }
          },
          "sensitive_attributes": [],
          "identity_schema_version": 0,
          "identity": {
            "arn": "arn:aws:elasticloadbalancing:ap-southeast-2:901444280953:listener-rule/app/n11817143-app-alb/a2b0061d0cefe76b/b4a7024478028052/c6f674d168271add"
          },
          "private": "bnVsbA==",
          "dependencies": [
            "data.aws_security_group.cab432_sg",
            "module.alb.aws_lb.main",
            "module.alb.aws_lb_listener.http",
            "module.alb.aws_lb_listener.https",
            "module.alb.aws_lb_target_group.video_api"
          ]
        }
      ]
    },
    {
      "module": "module.alb",
      "mode": "managed",
      "type": "aws_lb_target_group",
      "name": "admin_service",
      "provider": "provider[\"registry.terraform.io/hashicorp/aws\"]",
      "instances": [
        {
          "schema_version": 0,
          "attributes": {
            "arn": "arn:aws:elasticloadbalancing:ap-southeast-2:901444280953:targetgroup/n11817143-app-admin-service-tg/a0b0b41ab33e9057",
            "arn_suffix": "targetgroup/n11817143-app-admin-service-tg/a0b0b41ab33e9057",
            "connection_termination": null,
            "deregistration_delay": "30",
            "health_check": [
              {
                "enabled": true,
                "healthy_threshold": 2,
                "interval": 30,
                "matcher": "200",
                "path": "/healthz",
                "port": "traffic-port",
                "protocol": "HTTP",
                "timeout": 5,
                "unhealthy_threshold": 3
              }
            ],
            "id": "arn:aws:elasticloadbalancing:ap-southeast-2:901444280953:targetgroup/n11817143-app-admin-service-tg/a0b0b41ab33e9057",
            "ip_address_type": "ipv4",
            "lambda_multi_value_headers_enabled": false,
            "load_balancer_arns": [
              "arn:aws:elasticloadbalancing:ap-southeast-2:901444280953:loadbalancer/app/n11817143-app-alb/a2b0061d0cefe76b"
            ],
            "load_balancing_algorithm_type": "round_robin",
            "load_balancing_anomaly_mitigation": "off",
            "load_balancing_cross_zone_enabled": "use_load_balancer_configuration",
            "name": "n11817143-app-admin-service-tg",
            "name_prefix": "",
            "port": 8081,
            "preserve_client_ip": null,
            "protocol": "HTTP",
            "protocol_version": "HTTP1",
            "proxy_protocol_v2": false,
            "region": "ap-southeast-2",
            "slow_start": 0,
            "stickiness": [
              {
                "cookie_duration": 86400,
                "cookie_name": "",
                "enabled": false,
                "type": "lb_cookie"
              }
            ],
            "tags": {
              "Environment": "prod",
              "Name": "n11817143-app-admin-service-tg",
              "Project": "n11817143-app"
            },
            "tags_all": {
              "Environment": "prod",
              "ManagedBy": "Terraform",
              "Name": "n11817143-app-admin-service-tg",
              "Project": "n11817143-app",
              "Student": "n11817143",
              "qut-username": "n11817143@qut.edu.au"
            },
            "target_failover": [
              {
                "on_deregistration": null,
                "on_unhealthy": null
              }
            ],
            "target_group_health": [
              {
                "dns_failover": [
                  {
                    "minimum_healthy_targets_count": "1",
                    "minimum_healthy_targets_percentage": "off"
                  }
                ],
                "unhealthy_state_routing": [
                  {
                    "minimum_healthy_targets_count": 1,
                    "minimum_healthy_targets_percentage": "off"
                  }
                ]
              }
            ],
            "target_health_state": [
              {
                "enable_unhealthy_connection_termination": null,
                "unhealthy_draining_interval": null
              }
            ],
            "target_type": "ip",
            "vpc_id": "vpc-007bab53289655834"
          },
          "sensitive_attributes": [],
          "identity_schema_version": 0,
          "identity": {
            "arn": "arn:aws:elasticloadbalancing:ap-southeast-2:901444280953:targetgroup/n11817143-app-admin-service-tg/a0b0b41ab33e9057"
          },
          "private": "bnVsbA=="
        }
      ]
    },
    {
      "module": "module.alb",
      "mode": "managed",
      "type": "aws_lb_target_group",
      "name": "video_api",
      "provider": "provider[\"registry.terraform.io/hashicorp/aws\"]",
      "instances": [
        {
          "schema_version": 0,
          "attributes": {
            "arn": "arn:aws:elasticloadbalancing:ap-southeast-2:901444280953:targetgroup/n11817143-app-video-api-tg/881c45a046094ed7",
            "arn_suffix": "targetgroup/n11817143-app-video-api-tg/881c45a046094ed7",
            "connection_termination": null,
            "deregistration_delay": "30",
            "health_check": [
              {
                "enabled": true,
                "healthy_threshold": 2,
                "interval": 30,
                "matcher": "200",
                "path": "/healthz",
                "port": "traffic-port",
                "protocol": "HTTP",
                "timeout": 5,
                "unhealthy_threshold": 3
              }
            ],
            "id": "arn:aws:elasticloadbalancing:ap-southeast-2:901444280953:targetgroup/n11817143-app-video-api-tg/881c45a046094ed7",
            "ip_address_type": "ipv4",
            "lambda_multi_value_headers_enabled": false,
            "load_balancer_arns": [
              "arn:aws:elasticloadbalancing:ap-southeast-2:901444280953:loadbalancer/app/n11817143-app-alb/a2b0061d0cefe76b"
            ],
            "load_balancing_algorithm_type": "round_robin",
            "load_balancing_anomaly_mitigation": "off",
            "load_balancing_cross_zone_enabled": "use_load_balancer_configuration",
            "name": "n11817143-app-video-api-tg",
            "name_prefix": "",
            "port": 8080,
            "preserve_client_ip": null,
            "protocol": "HTTP",
            "protocol_version": "HTTP1",
            "proxy_protocol_v2": false,
            "region": "ap-southeast-2",
            "slow_start": 0,
            "stickiness": [
              {
                "cookie_duration": 86400,
                "cookie_name": "",
                "enabled": false,
                "type": "lb_cookie"
              }
            ],
            "tags": {
              "Environment": "prod",
              "Name": "n11817143-app-video-api-tg",
              "Project": "n11817143-app"
            },
            "tags_all": {
              "Environment": "prod",
              "ManagedBy": "Terraform",
              "Name": "n11817143-app-video-api-tg",
              "Project": "n11817143-app",
              "Student": "n11817143",
              "qut-username": "n11817143@qut.edu.au"
            },
            "target_failover": [
              {
                "on_deregistration": null,
                "on_unhealthy": null
              }
            ],
            "target_group_health": [
              {
                "dns_failover": [
                  {
                    "minimum_healthy_targets_count": "1",
                    "minimum_healthy_targets_percentage": "off"
                  }
                ],
                "unhealthy_state_routing": [
                  {
                    "minimum_healthy_targets_count": 1,
                    "minimum_healthy_targets_percentage": "off"
                  }
                ]
              }
            ],
            "target_health_state": [
              {
                "enable_unhealthy_connection_termination": null,
                "unhealthy_draining_interval": null
              }
            ],
            "target_type": "ip",
            "vpc_id": "vpc-007bab53289655834"
          },
          "sensitive_attributes": [],
          "identity_schema_version": 0,
          "identity": {
            "arn": "arn:aws:elasticloadbalancing:ap-southeast-2:901444280953:targetgroup/n11817143-app-video-api-tg/881c45a046094ed7"
          },
          "private": "bnVsbA=="
        }
      ]
    },
    {
      "module": "module.ecr",
      "mode": "managed",
      "type": "aws_ecr_lifecycle_policy",
      "name": "cleanup",
      "provider": "provider[\"registry.terraform.io/hashicorp/aws\"]",
      "instances": [
        {
          "index_key": "admin_service",
          "schema_version": 0,
          "attributes": {
            "id": "n11817143-app/admin-service",
            "policy": "{\"rules\":[{\"action\":{\"type\":\"expire\"},\"description\":\"Keep last 10 images\",\"rulePriority\":1,\"selection\":{\"countNumber\":10,\"countType\":\"imageCountMoreThan\",\"tagStatus\":\"any\"}}]}",
            "region": "ap-southeast-2",
            "registry_id": "901444280953",
            "repository": "n11817143-app/admin-service"
          },
          "sensitive_attributes": [],
          "identity_schema_version": 0,
          "identity": {
            "account_id": "901444280953",
            "region": "ap-southeast-2",
            "repository": "n11817143-app/admin-service"
          },
          "private": "bnVsbA==",
          "dependencies": [
            "module.ecr.aws_ecr_repository.admin_service",
            "module.ecr.aws_ecr_repository.s3_lambda",
            "module.ecr.aws_ecr_repository.transcode_worker",
            "module.ecr.aws_ecr_repository.video_api"
          ]
        },
        {
          "index_key": "s3_lambda",
          "schema_version": 0,
          "attributes": {
            "id": "n11817143-app/s3-to-sqs-lambda",
            "policy": "{\"rules\":[{\"action\":{\"type\":\"expire\"},\"description\":\"Keep last 10 images\",\"rulePriority\":1,\"selection\":{\"countNumber\":10,\"countType\":\"imageCountMoreThan\",\"tagStatus\":\"any\"}}]}",
            "region": "ap-southeast-2",
            "registry_id": "901444280953",
            "repository": "n11817143-app/s3-to-sqs-lambda"
          },
          "sensitive_attributes": [],
          "identity_schema_version": 0,
          "identity": {
            "account_id": "901444280953",
            "region": "ap-southeast-2",
            "repository": "n11817143-app/s3-to-sqs-lambda"
          },
          "private": "bnVsbA==",
          "dependencies": [
            "module.ecr.aws_ecr_repository.admin_service",
            "module.ecr.aws_ecr_repository.s3_lambda",
            "module.ecr.aws_ecr_repository.transcode_worker",
            "module.ecr.aws_ecr_repository.video_api"
          ]
        },
        {
          "index_key": "transcode_worker",
          "schema_version": 0,
          "attributes": {
            "id": "n11817143-app/transcode-worker",
            "policy": "{\"rules\":[{\"action\":{\"type\":\"expire\"},\"description\":\"Keep last 10 images\",\"rulePriority\":1,\"selection\":{\"countNumber\":10,\"countType\":\"imageCountMoreThan\",\"tagStatus\":\"any\"}}]}",
            "region": "ap-southeast-2",
            "registry_id": "901444280953",
            "repository": "n11817143-app/transcode-worker"
          },
          "sensitive_attributes": [],
          "identity_schema_version": 0,
          "identity": {
            "account_id": "901444280953",
            "region": "ap-southeast-2",
            "repository": "n11817143-app/transcode-worker"
          },
          "private": "bnVsbA==",
          "dependencies": [
            "module.ecr.aws_ecr_repository.admin_service",
            "module.ecr.aws_ecr_repository.s3_lambda",
            "module.ecr.aws_ecr_repository.transcode_worker",
            "module.ecr.aws_ecr_repository.video_api"
          ]
        },
        {
          "index_key": "video_api",
          "schema_version": 0,
          "attributes": {
            "id": "n11817143-app/video-api",
            "policy": "{\"rules\":[{\"action\":{\"type\":\"expire\"},\"description\":\"Keep last 10 images\",\"rulePriority\":1,\"selection\":{\"countNumber\":10,\"countType\":\"imageCountMoreThan\",\"tagStatus\":\"any\"}}]}",
            "region": "ap-southeast-2",
            "registry_id": "901444280953",
            "repository": "n11817143-app/video-api"
          },
          "sensitive_attributes": [],
          "identity_schema_version": 0,
          "identity": {
            "account_id": "901444280953",
            "region": "ap-southeast-2",
            "repository": "n11817143-app/video-api"
          },
          "private": "bnVsbA==",
          "dependencies": [
            "module.ecr.aws_ecr_repository.admin_service",
            "module.ecr.aws_ecr_repository.s3_lambda",
            "module.ecr.aws_ecr_repository.transcode_worker",
            "module.ecr.aws_ecr_repository.video_api"
          ]
        }
      ]
    },
    {
      "module": "module.ecr",
      "mode": "managed",
      "type": "aws_ecr_repository",
      "name": "admin_service",
      "provider": "provider[\"registry.terraform.io/hashicorp/aws\"]",
      "instances": [
        {
          "schema_version": 0,
          "attributes": {
            "arn": "arn:aws:ecr:ap-southeast-2:901444280953:repository/n11817143-app/admin-service",
            "encryption_configuration": [
              {
                "encryption_type": "AES256",
                "kms_key": ""
              }
            ],
            "force_delete": null,
            "id": "n11817143-app/admin-service",
            "image_scanning_configuration": [
              {
                "scan_on_push": true
              }
            ],
            "image_tag_mutability": "MUTABLE",
            "image_tag_mutability_exclusion_filter": [],
            "name": "n11817143-app/admin-service",
            "region": "ap-southeast-2",
            "registry_id": "901444280953",
            "repository_url": "901444280953.dkr.ecr.ap-southeast-2.amazonaws.com/n11817143-app/admin-service",
            "tags": {
              "Environment": "prod",
              "Name": "n11817143-app-admin-service",
              "Project": "n11817143-app",
              "Service": "admin-service"
            },
            "tags_all": {
              "Environment": "prod",
              "ManagedBy": "Terraform",
              "Name": "n11817143-app-admin-service",
              "Project": "n11817143-app",
              "Service": "admin-service",
              "Student": "n11817143",
              "qut-username": "n11817143@qut.edu.au"
            },
            "timeouts": null
          },
          "sensitive_attributes": [],
          "identity_schema_version": 0,
          "identity": {
            "account_id": "901444280953",
            "name": "n11817143-app/admin-service",
            "region": "ap-southeast-2"
          },
          "private": "eyJlMmJmYjczMC1lY2FhLTExZTYtOGY4OC0zNDM2M2JjN2M0YzAiOnsiZGVsZXRlIjoxMjAwMDAwMDAwMDAwfX0="
        }
      ]
    },
    {
      "module": "module.ecr",
      "mode": "managed",
      "type": "aws_ecr_repository",
      "name": "s3_lambda",
      "provider": "provider[\"registry.terraform.io/hashicorp/aws\"]",
      "instances": [
        {
          "schema_version": 0,
          "attributes": {
            "arn": "arn:aws:ecr:ap-southeast-2:901444280953:repository/n11817143-app/s3-to-sqs-lambda",
            "encryption_configuration": [
              {
                "encryption_type": "AES256",
                "kms_key": ""
              }
            ],
            "force_delete": null,
            "id": "n11817143-app/s3-to-sqs-lambda",
            "image_scanning_configuration": [
              {
                "scan_on_push": true
              }
            ],
            "image_tag_mutability": "MUTABLE",
            "image_tag_mutability_exclusion_filter": [],
            "name": "n11817143-app/s3-to-sqs-lambda",
            "region": "ap-southeast-2",
            "registry_id": "901444280953",
            "repository_url": "901444280953.dkr.ecr.ap-southeast-2.amazonaws.com/n11817143-app/s3-to-sqs-lambda",
            "tags": {
              "Environment": "prod",
              "Name": "n11817143-app-s3-lambda",
              "Project": "n11817143-app",
              "Service": "lambda"
            },
            "tags_all": {
              "Environment": "prod",
              "ManagedBy": "Terraform",
              "Name": "n11817143-app-s3-lambda",
              "Project": "n11817143-app",
              "Service": "lambda",
              "Student": "n11817143",
              "qut-username": "n11817143@qut.edu.au"
            },
            "timeouts": null
          },
          "sensitive_attributes": [],
          "identity_schema_version": 0,
          "identity": {
            "account_id": "901444280953",
            "name": "n11817143-app/s3-to-sqs-lambda",
            "region": "ap-southeast-2"
          },
          "private": "eyJlMmJmYjczMC1lY2FhLTExZTYtOGY4OC0zNDM2M2JjN2M0YzAiOnsiZGVsZXRlIjoxMjAwMDAwMDAwMDAwfX0="
        }
      ]
    },
    {
      "module": "module.ecr",
      "mode": "managed",
      "type": "aws_ecr_repository",
      "name": "transcode_worker",
      "provider": "provider[\"registry.terraform.io/hashicorp/aws\"]",
      "instances": [
        {
          "schema_version": 0,
          "attributes": {
            "arn": "arn:aws:ecr:ap-southeast-2:901444280953:repository/n11817143-app/transcode-worker",
            "encryption_configuration": [
              {
                "encryption_type": "AES256",
                "kms_key": ""
              }
            ],
            "force_delete": null,
            "id": "n11817143-app/transcode-worker",
            "image_scanning_configuration": [
              {
                "scan_on_push": true
              }
            ],
            "image_tag_mutability": "MUTABLE",
            "image_tag_mutability_exclusion_filter": [],
            "name": "n11817143-app/transcode-worker",
            "region": "ap-southeast-2",
            "registry_id": "901444280953",
            "repository_url": "901444280953.dkr.ecr.ap-southeast-2.amazonaws.com/n11817143-app/transcode-worker",
            "tags": {
              "Environment": "prod",
              "Name": "n11817143-app-transcode-worker",
              "Project": "n11817143-app",
              "Service": "transcode-worker"
            },
            "tags_all": {
              "Environment": "prod",
              "ManagedBy": "Terraform",
              "Name": "n11817143-app-transcode-worker",
              "Project": "n11817143-app",
              "Service": "transcode-worker",
              "Student": "n11817143",
              "qut-username": "n11817143@qut.edu.au"
            },
            "timeouts": null
          },
          "sensitive_attributes": [],
          "identity_schema_version": 0,
          "identity": {
            "account_id": "901444280953",
            "name": "n11817143-app/transcode-worker",
            "region": "ap-southeast-2"
          },
          "private": "eyJlMmJmYjczMC1lY2FhLTExZTYtOGY4OC0zNDM2M2JjN2M0YzAiOnsiZGVsZXRlIjoxMjAwMDAwMDAwMDAwfX0="
        }
      ]
    },
    {
      "module": "module.ecr",
      "mode": "managed",
      "type": "aws_ecr_repository",
      "name": "video_api",
      "provider": "provider[\"registry.terraform.io/hashicorp/aws\"]",
      "instances": [
        {
          "schema_version": 0,
          "attributes": {
            "arn": "arn:aws:ecr:ap-southeast-2:901444280953:repository/n11817143-app/video-api",
            "encryption_configuration": [
              {
                "encryption_type": "AES256",
                "kms_key": ""
              }
            ],
            "force_delete": null,
            "id": "n11817143-app/video-api",
            "image_scanning_configuration": [
              {
                "scan_on_push": true
              }
            ],
            "image_tag_mutability": "MUTABLE",
            "image_tag_mutability_exclusion_filter": [],
            "name": "n11817143-app/video-api",
            "region": "ap-southeast-2",
            "registry_id": "901444280953",
            "repository_url": "901444280953.dkr.ecr.ap-southeast-2.amazonaws.com/n11817143-app/video-api",
            "tags": {
              "Environment": "prod",
              "Name": "n11817143-app-video-api",
              "Project": "n11817143-app",
              "Service": "video-api"
            },
            "tags_all": {
              "Environment": "prod",
              "ManagedBy": "Terraform",
              "Name": "n11817143-app-video-api",
              "Project": "n11817143-app",
              "Service": "video-api",
              "Student": "n11817143",
              "qut-username": "n11817143@qut.edu.au"
            },
            "timeouts": null
          },
          "sensitive_attributes": [],
          "identity_schema_version": 0,
          "identity": {
            "account_id": "901444280953",
            "name": "n11817143-app/video-api",
            "region": "ap-southeast-2"
          },
          "private": "eyJlMmJmYjczMC1lY2FhLTExZTYtOGY4OC0zNDM2M2JjN2M0YzAiOnsiZGVsZXRlIjoxMjAwMDAwMDAwMDAwfX0="
        }
      ]
    },
    {
      "module": "module.ecs_cluster",
      "mode": "data",
      "type": "aws_cloudwatch_log_group",
      "name": "ecs",
      "provider": "provider[\"registry.terraform.io/hashicorp/aws\"]",
      "instances": [
        {
          "schema_version": 0,
          "attributes": {
            "arn": "arn:aws:logs:ap-southeast-2:901444280953:log-group:/ecs/n11817143-app",
            "creation_time": 1761832400843,
            "id": "/ecs/n11817143-app",
            "kms_key_id": "",
            "log_group_class": "STANDARD",
            "name": "/ecs/n11817143-app",
            "region": "ap-southeast-2",
            "retention_in_days": 0,
            "tags": {}
          },
          "sensitive_attributes": [],
          "identity_schema_version": 0
        }
      ]
    },
    {
      "module": "module.ecs_cluster",
      "mode": "data",
      "type": "aws_iam_role",
      "name": "ecs_task",
      "provider": "provider[\"registry.terraform.io/hashicorp/aws\"]",
      "instances": [
        {
          "schema_version": 0,
          "attributes": {
            "arn": "arn:aws:iam::901444280953:role/Task-Role-CAB432-ECS",
            "assume_role_policy": "{\"Version\":\"2012-10-17\",\"Statement\":[{\"Sid\":\"\",\"Effect\":\"Allow\",\"Principal\":{\"Service\":\"ecs-tasks.amazonaws.com\"},\"Action\":\"sts:AssumeRole\"}]}",
            "create_date": "2024-10-07T23:29:19Z",
            "description": "Allows ECS tasks to call AWS services on your behalf.",
            "id": "Task-Role-CAB432-ECS",
            "max_session_duration": 3600,
            "name": "Task-Role-CAB432-ECS",
            "path": "/",
            "permissions_boundary": "",
            "role_last_used": [
              {
                "last_used_date": "2025-10-30T15:05:07Z",
                "region": "ap-southeast-2"
              }
            ],
            "tags": {},
            "unique_id": "AROA5DYSEEJ43GLBQWBWI"
          },
          "sensitive_attributes": [],
          "identity_schema_version": 0
        }
      ]
    },
    {
      "module": "module.ecs_cluster",
      "mode": "data",
      "type": "aws_iam_role",
      "name": "ecs_task_execution",
      "provider": "provider[\"registry.terraform.io/hashicorp/aws\"]",
      "instances": [
        {
          "schema_version": 0,
          "attributes": {
            "arn": "arn:aws:iam::901444280953:role/Execution-Role-CAB432-ECS",
            "assume_role_policy": "{\"Version\":\"2012-10-17\",\"Statement\":[{\"Sid\":\"\",\"Effect\":\"Allow\",\"Principal\":{\"Service\":\"ecs-tasks.amazonaws.com\"},\"Action\":\"sts:AssumeRole\"}]}",
            "create_date": "2024-10-07T23:23:17Z",
            "description": "Allows ECS tasks to call AWS services on your behalf.",
            "id": "Execution-Role-CAB432-ECS",
            "max_session_duration": 3600,
            "name": "Execution-Role-CAB432-ECS",
            "path": "/",
            "permissions_boundary": "",
            "role_last_used": [
              {
                "last_used_date": "2025-10-30T15:01:55Z",
                "region": "ap-southeast-2"
              }
            ],
            "tags": {},
            "unique_id": "AROA5DYSEEJ4SGLD57COR"
          },
          "sensitive_attributes": [],
          "identity_schema_version": 0
        }
      ]
    },
    {
      "module": "module.ecs_cluster",
      "mode": "managed",
      "type": "aws_ecs_cluster",
      "name": "main",
      "provider": "provider[\"registry.terraform.io/hashicorp/aws\"]",
      "instances": [
        {
          "schema_version": 0,
          "attributes": {
            "arn": "arn:aws:ecs:ap-southeast-2:901444280953:cluster/n11817143-app-cluster",
            "configuration": [],
            "id": "arn:aws:ecs:ap-southeast-2:901444280953:cluster/n11817143-app-cluster",
            "name": "n11817143-app-cluster",
            "region": "ap-southeast-2",
            "service_connect_defaults": [],
            "setting": [
              {
                "name": "containerInsights",
                "value": "enabled"
              }
            ],
            "tags": {
              "Environment": "prod",
              "Name": "n11817143-app-cluster",
              "Project": "n11817143-app"
            },
            "tags_all": {
              "Environment": "prod",
              "ManagedBy": "Terraform",
              "Name": "n11817143-app-cluster",
              "Project": "n11817143-app",
              "Student": "n11817143",
              "qut-username": "n11817143@qut.edu.au"
            }
          },
          "sensitive_attributes": [],
          "identity_schema_version": 0,
          "private": "bnVsbA=="
        }
      ]
    },
    {
      "module": "module.ecs_cluster",
      "mode": "managed",
      "type": "aws_ecs_cluster_capacity_providers",
      "name": "main",
      "provider": "provider[\"registry.terraform.io/hashicorp/aws\"]",
      "instances": [
        {
          "schema_version": 0,
          "attributes": {
            "capacity_providers": [
              "FARGATE",
              "FARGATE_SPOT"
            ],
            "cluster_name": "n11817143-app-cluster",
            "default_capacity_provider_strategy": [
              {
                "base": 1,
                "capacity_provider": "FARGATE",
                "weight": 100
              }
            ],
            "id": "n11817143-app-cluster",
            "region": "ap-southeast-2"
          },
          "sensitive_attributes": [],
          "identity_schema_version": 0,
          "private": "bnVsbA==",
          "dependencies": [
            "module.ecs_cluster.aws_ecs_cluster.main"
          ]
        }
      ]
    },
    {
      "module": "module.transcode_worker",
      "mode": "managed",
      "type": "aws_appautoscaling_policy",
      "name": "cpu",
      "provider": "provider[\"registry.terraform.io/hashicorp/aws\"]",
      "instances": [
        {
          "index_key": 0,
          "schema_version": 0,
          "attributes": {
            "alarm_arns": [
              "arn:aws:cloudwatch:ap-southeast-2:901444280953:alarm:TargetTracking-service/n11817143-app-cluster/n11817143-app-transcode-worker-AlarmHigh-ec296e6d-2358-466c-8068-73172d024764",
              "arn:aws:cloudwatch:ap-southeast-2:901444280953:alarm:TargetTracking-service/n11817143-app-cluster/n11817143-app-transcode-worker-AlarmLow-4e43d1cb-1bee-43f3-b601-438afa02832f"
            ],
            "arn": "arn:aws:autoscaling:ap-southeast-2:901444280953:scalingPolicy:c451da2c-6835-417f-863b-cf54bc91c711:resource/ecs/service/n11817143-app-cluster/n11817143-app-transcode-worker:policyName/n11817143-app-transcode-worker-cpu-scaling",
            "id": "n11817143-app-transcode-worker-cpu-scaling",
            "name": "n11817143-app-transcode-worker-cpu-scaling",
            "policy_type": "TargetTrackingScaling",
            "predictive_scaling_policy_configuration": [],
            "region": "ap-southeast-2",
            "resource_id": "service/n11817143-app-cluster/n11817143-app-transcode-worker",
            "scalable_dimension": "ecs:service:DesiredCount",
            "service_namespace": "ecs",
            "step_scaling_policy_configuration": [],
            "target_tracking_scaling_policy_configuration": [
              {
                "customized_metric_specification": [],
                "disable_scale_in": false,
                "predefined_metric_specification": [
                  {
                    "predefined_metric_type": "ECSServiceAverageCPUUtilization",
                    "resource_label": ""
                  }
                ],
                "scale_in_cooldown": 300,
                "scale_out_cooldown": 60,
                "target_value": 70
              }
            ]
          },
          "sensitive_attributes": [],
          "identity_schema_version": 0,
          "private": "bnVsbA==",
          "dependencies": [
            "data.aws_caller_identity.current",
            "data.aws_security_group.cab432_sg",
            "data.aws_subnets.public",
            "module.ecr.aws_ecr_repository.transcode_worker",
            "module.ecs_cluster.aws_ecs_cluster.main",
            "module.ecs_cluster.data.aws_cloudwatch_log_group.ecs",
            "module.ecs_cluster.data.aws_iam_role.ecs_task",
            "module.ecs_cluster.data.aws_iam_role.ecs_task_execution",
            "module.transcode_worker.aws_appautoscaling_target.main",
            "module.transcode_worker.aws_ecs_service.main",
            "module.transcode_worker.aws_ecs_task_definition.main"
          ]
        }
      ]
    },
    {
      "module": "module.transcode_worker",
      "mode": "managed",
      "type": "aws_appautoscaling_policy",
      "name": "memory",
      "provider": "provider[\"registry.terraform.io/hashicorp/aws\"]",
      "instances": [
        {
          "index_key": 0,
          "schema_version": 0,
          "attributes": {
            "alarm_arns": [
              "arn:aws:cloudwatch:ap-southeast-2:901444280953:alarm:TargetTracking-service/n11817143-app-cluster/n11817143-app-transcode-worker-AlarmHigh-fb99ba04-5219-4adc-b162-3aa3949b9b70",
              "arn:aws:cloudwatch:ap-southeast-2:901444280953:alarm:TargetTracking-service/n11817143-app-cluster/n11817143-app-transcode-worker-AlarmLow-7c0de9df-d341-49d2-9d88-6719fd623f4e"
            ],
            "arn": "arn:aws:autoscaling:ap-southeast-2:901444280953:scalingPolicy:c451da2c-6835-417f-863b-cf54bc91c711:resource/ecs/service/n11817143-app-cluster/n11817143-app-transcode-worker:policyName/n11817143-app-transcode-worker-memory-scaling",
            "id": "n11817143-app-transcode-worker-memory-scaling",
            "name": "n11817143-app-transcode-worker-memory-scaling",
            "policy_type": "TargetTrackingScaling",
            "predictive_scaling_policy_configuration": [],
            "region": "ap-southeast-2",
            "resource_id": "service/n11817143-app-cluster/n11817143-app-transcode-worker",
            "scalable_dimension": "ecs:service:DesiredCount",
            "service_namespace": "ecs",
            "step_scaling_policy_configuration": [],
            "target_tracking_scaling_policy_configuration": [
              {
                "customized_metric_specification": [],
                "disable_scale_in": false,
                "predefined_metric_specification": [
                  {
                    "predefined_metric_type": "ECSServiceAverageMemoryUtilization",
                    "resource_label": ""
                  }
                ],
                "scale_in_cooldown": 300,
                "scale_out_cooldown": 60,
                "target_value": 80
              }
            ]
          },
          "sensitive_attributes": [],
          "identity_schema_version": 0,
          "private": "bnVsbA==",
          "dependencies": [
            "data.aws_caller_identity.current",
            "data.aws_security_group.cab432_sg",
            "data.aws_subnets.public",
            "module.ecr.aws_ecr_repository.transcode_worker",
            "module.ecs_cluster.aws_ecs_cluster.main",
            "module.ecs_cluster.data.aws_cloudwatch_log_group.ecs",
            "module.ecs_cluster.data.aws_iam_role.ecs_task",
            "module.ecs_cluster.data.aws_iam_role.ecs_task_execution",
            "module.transcode_worker.aws_appautoscaling_target.main",
            "module.transcode_worker.aws_ecs_service.main",
            "module.transcode_worker.aws_ecs_task_definition.main"
          ]
        }
      ]
    },
    {
      "module": "module.transcode_worker",
      "mode": "managed",
      "type": "aws_appautoscaling_target",
      "name": "main",
      "provider": "provider[\"registry.terraform.io/hashicorp/aws\"]",
      "instances": [
        {
          "index_key": 0,
          "schema_version": 0,
          "attributes": {
            "arn": "arn:aws:application-autoscaling:ap-southeast-2:901444280953:scalable-target/0ec5c451da2c6835417f863bcf54bc91c711",
            "id": "service/n11817143-app-cluster/n11817143-app-transcode-worker",
            "max_capacity": 10,
            "min_capacity": 0,
            "region": "ap-southeast-2",
            "resource_id": "service/n11817143-app-cluster/n11817143-app-transcode-worker",
            "role_arn": "arn:aws:iam::901444280953:role/aws-service-role/ecs.application-autoscaling.amazonaws.com/AWSServiceRoleForApplicationAutoScaling_ECSService",
            "scalable_dimension": "ecs:service:DesiredCount",
            "service_namespace": "ecs",
            "suspended_state": [
              {
                "dynamic_scaling_in_suspended": false,
                "dynamic_scaling_out_suspended": false,
                "scheduled_scaling_suspended": false
              }
            ],
            "tags": {},
            "tags_all": {
              "ManagedBy": "Terraform",
              "Project": "CAB432-VideoApp",
              "Student": "n11817143",
              "qut-username": "n11817143@qut.edu.au"
            }
          },
          "sensitive_attributes": [],
          "identity_schema_version": 0,
          "private": "bnVsbA==",
          "dependencies": [
            "data.aws_caller_identity.current",
            "data.aws_security_group.cab432_sg",
            "data.aws_subnets.public",
            "module.ecr.aws_ecr_repository.transcode_worker",
            "module.ecs_cluster.aws_ecs_cluster.main",
            "module.ecs_cluster.data.aws_cloudwatch_log_group.ecs",
            "module.ecs_cluster.data.aws_iam_role.ecs_task",
            "module.ecs_cluster.data.aws_iam_role.ecs_task_execution",
            "module.transcode_worker.aws_ecs_service.main",
            "module.transcode_worker.aws_ecs_task_definition.main"
          ]
        }
      ]
    },
    {
      "module": "module.transcode_worker",
      "mode": "managed",
      "type": "aws_cloudwatch_metric_alarm",
      "name": "cpu_high",
      "provider": "provider[\"registry.terraform.io/hashicorp/aws\"]",
      "instances": [
        {
          "index_key": 0,
          "schema_version": 1,
          "attributes": {
            "actions_enabled": true,
            "alarm_actions": [],
            "alarm_description": "Alert when CPU exceeds 80%",
            "alarm_name": "n11817143-app-transcode-worker-cpu-high",
            "arn": "arn:aws:cloudwatch:ap-southeast-2:901444280953:alarm:n11817143-app-transcode-worker-cpu-high",
            "comparison_operator": "GreaterThanThreshold",
            "datapoints_to_alarm": 0,
            "dimensions": {
              "ClusterName": "n11817143-app-cluster",
              "ServiceName": "n11817143-app-transcode-worker"
            },
            "evaluate_low_sample_count_percentiles": "",
            "evaluation_periods": 2,
            "extended_statistic": "",
            "id": "n11817143-app-transcode-worker-cpu-high",
            "insufficient_data_actions": [],
            "metric_name": "CPUUtilization",
            "metric_query": [],
            "namespace": "AWS/ECS",
            "ok_actions": [],
            "period": 300,
            "region": "ap-southeast-2",
            "statistic": "Average",
            "tags": {
              "Environment": "prod",
              "Project": "n11817143-app",
              "Service": "transcode-worker"
            },
            "tags_all": {
              "Environment": "prod",
              "ManagedBy": "Terraform",
              "Project": "n11817143-app",
              "Service": "transcode-worker",
              "Student": "n11817143",
              "qut-username": "n11817143@qut.edu.au"
            },
            "threshold": 80,
            "threshold_metric_id": "",
            "treat_missing_data": "notBreaching",
            "unit": ""
          },
          "sensitive_attributes": [],
          "identity_schema_version": 0,
          "identity": {
            "account_id": "901444280953",
            "alarm_name": "n11817143-app-transcode-worker-cpu-high",
            "region": "ap-southeast-2"
          },
          "private": "eyJzY2hlbWFfdmVyc2lvbiI6IjEifQ==",
          "dependencies": [
            "data.aws_caller_identity.current",
            "data.aws_security_group.cab432_sg",
            "data.aws_subnets.public",
            "module.ecr.aws_ecr_repository.transcode_worker",
            "module.ecs_cluster.aws_ecs_cluster.main",
            "module.ecs_cluster.data.aws_cloudwatch_log_group.ecs",
            "module.ecs_cluster.data.aws_iam_role.ecs_task",
            "module.ecs_cluster.data.aws_iam_role.ecs_task_execution",
            "module.transcode_worker.aws_ecs_service.main",
            "module.transcode_worker.aws_ecs_task_definition.main"
          ]
        }
      ]
    },
    {
      "module": "module.transcode_worker",
      "mode": "managed",
      "type": "aws_cloudwatch_metric_alarm",
      "name": "memory_high",
      "provider": "provider[\"registry.terraform.io/hashicorp/aws\"]",
      "instances": [
        {
          "index_key": 0,
          "schema_version": 1,
          "attributes": {
            "actions_enabled": true,
            "alarm_actions": [],
            "alarm_description": "Alert when memory exceeds 80%",
            "alarm_name": "n11817143-app-transcode-worker-memory-high",
            "arn": "arn:aws:cloudwatch:ap-southeast-2:901444280953:alarm:n11817143-app-transcode-worker-memory-high",
            "comparison_operator": "GreaterThanThreshold",
            "datapoints_to_alarm": 0,
            "dimensions": {
              "ClusterName": "n11817143-app-cluster",
              "ServiceName": "n11817143-app-transcode-worker"
            },
            "evaluate_low_sample_count_percentiles": "",
            "evaluation_periods": 2,
            "extended_statistic": "",
            "id": "n11817143-app-transcode-worker-memory-high",
            "insufficient_data_actions": [],
            "metric_name": "MemoryUtilization",
            "metric_query": [],
            "namespace": "AWS/ECS",
            "ok_actions": [],
            "period": 300,
            "region": "ap-southeast-2",
            "statistic": "Average",
            "tags": {
              "Environment": "prod",
              "Project": "n11817143-app",
              "Service": "transcode-worker"
            },
            "tags_all": {
              "Environment": "prod",
              "ManagedBy": "Terraform",
              "Project": "n11817143-app",
              "Service": "transcode-worker",
              "Student": "n11817143",
              "qut-username": "n11817143@qut.edu.au"
            },
            "threshold": 80,
            "threshold_metric_id": "",
            "treat_missing_data": "notBreaching",
            "unit": ""
          },
          "sensitive_attributes": [],
          "identity_schema_version": 0,
          "identity": {
            "account_id": "901444280953",
            "alarm_name": "n11817143-app-transcode-worker-memory-high",
            "region": "ap-southeast-2"
          },
          "private": "eyJzY2hlbWFfdmVyc2lvbiI6IjEifQ==",
          "dependencies": [
            "data.aws_caller_identity.current",
            "data.aws_security_group.cab432_sg",
            "data.aws_subnets.public",
            "module.ecr.aws_ecr_repository.transcode_worker",
            "module.ecs_cluster.aws_ecs_cluster.main",
            "module.ecs_cluster.data.aws_cloudwatch_log_group.ecs",
            "module.ecs_cluster.data.aws_iam_role.ecs_task",
            "module.ecs_cluster.data.aws_iam_role.ecs_task_execution",
            "module.transcode_worker.aws_ecs_service.main",
            "module.transcode_worker.aws_ecs_task_definition.main"
          ]
        }
      ]
    },
    {
      "module": "module.transcode_worker",
      "mode": "managed",
      "type": "aws_ecs_service",
      "name": "main",
      "provider": "provider[\"registry.terraform.io/hashicorp/aws\"]",
      "instances": [
        {
          "schema_version": 1,
          "attributes": {
            "alarms": [],
            "arn": "arn:aws:ecs:ap-southeast-2:901444280953:service/n11817143-app-cluster/n11817143-app-transcode-worker",
            "availability_zone_rebalancing": "ENABLED",
            "capacity_provider_strategy": [],
            "cluster": "arn:aws:ecs:ap-southeast-2:901444280953:cluster/n11817143-app-cluster",
            "deployment_circuit_breaker": [
              {
                "enable": false,
                "rollback": false
              }
            ],
            "deployment_configuration": [
              {
                "bake_time_in_minutes": "0",
                "lifecycle_hook": [],
                "strategy": "ROLLING"
              }
            ],
            "deployment_controller": [
              {
                "type": "ECS"
              }
            ],
            "deployment_maximum_percent": 200,
            "deployment_minimum_healthy_percent": 100,
            "desired_count": 1,
            "enable_ecs_managed_tags": false,
            "enable_execute_command": true,
            "force_delete": null,
            "force_new_deployment": null,
            "health_check_grace_period_seconds": 0,
            "iam_role": "/aws-service-role/ecs.amazonaws.com/AWSServiceRoleForECS",
            "id": "arn:aws:ecs:ap-southeast-2:901444280953:service/n11817143-app-cluster/n11817143-app-transcode-worker",
            "launch_type": "FARGATE",
            "load_balancer": [],
            "name": "n11817143-app-transcode-worker",
            "network_configuration": [
              {
                "assign_public_ip": true,
                "security_groups": [
                  "sg-032bd1ff8cf77dbb9"
                ],
                "subnets": [
                  "subnet-04ca053dcbe5f49cc",
                  "subnet-04cc288ea3b2e1e53",
                  "subnet-05a3b8177138c8b14",
                  "subnet-05d0352bb15852524",
                  "subnet-075811427d5564cf9"
                ]
              }
            ],
            "ordered_placement_strategy": [],
            "placement_constraints": [],
            "platform_version": "LATEST",
            "propagate_tags": "NONE",
            "region": "ap-southeast-2",
            "scheduling_strategy": "REPLICA",
            "service_connect_configuration": [],
            "service_registries": [],
            "sigint_rollback": null,
            "tags": {
              "Environment": "prod",
              "Name": "n11817143-app-transcode-worker",
              "Project": "n11817143-app",
              "Service": "transcode-worker"
            },
            "tags_all": {
              "Environment": "prod",
              "ManagedBy": "Terraform",
              "Name": "n11817143-app-transcode-worker",
              "Project": "n11817143-app",
              "Service": "transcode-worker",
              "Student": "n11817143",
              "qut-username": "n11817143@qut.edu.au"
            },
            "task_definition": "arn:aws:ecs:ap-southeast-2:901444280953:task-definition/n11817143-app-transcode-worker:3",
            "timeouts": null,
            "triggers": {},
            "volume_configuration": [],
            "vpc_lattice_configurations": [],
            "wait_for_steady_state": false
          },
          "sensitive_attributes": [],
          "identity_schema_version": 0,
          "private": "eyJlMmJmYjczMC1lY2FhLTExZTYtOGY4OC0zNDM2M2JjN2M0YzAiOnsiY3JlYXRlIjoxMjAwMDAwMDAwMDAwLCJkZWxldGUiOjEyMDAwMDAwMDAwMDAsInVwZGF0ZSI6MTIwMDAwMDAwMDAwMH0sInNjaGVtYV92ZXJzaW9uIjoiMSJ9",
          "dependencies": [
            "data.aws_caller_identity.current",
            "data.aws_security_group.cab432_sg",
            "data.aws_subnets.public",
            "module.ecr.aws_ecr_repository.transcode_worker",
            "module.ecs_cluster.aws_ecs_cluster.main",
            "module.ecs_cluster.data.aws_cloudwatch_log_group.ecs",
            "module.ecs_cluster.data.aws_iam_role.ecs_task",
            "module.ecs_cluster.data.aws_iam_role.ecs_task_execution",
            "module.transcode_worker.aws_ecs_task_definition.main"
          ]
        }
      ]
    },
    {
      "module": "module.transcode_worker",
      "mode": "managed",
      "type": "aws_ecs_task_definition",
      "name": "main",
      "provider": "provider[\"registry.terraform.io/hashicorp/aws\"]",
      "instances": [
        {
          "schema_version": 1,
          "attributes": {
            "arn": "arn:aws:ecs:ap-southeast-2:901444280953:task-definition/n11817143-app-transcode-worker:3",
            "arn_without_revision": "arn:aws:ecs:ap-southeast-2:901444280953:task-definition/n11817143-app-transcode-worker",
            "container_definitions": "[{\"environment\":[{\"name\":\"AWS_REGION\",\"value\":\"ap-southeast-2\"},{\"name\":\"DYNAMODB_TABLE_NAME\",\"value\":\"n11817143-videos\"},{\"name\":\"MAX_FILE_SIZE\",\"value\":\"524288000\"},{\"name\":\"S3_BUCKET_NAME\",\"value\":\"n11817143-a2\"},{\"name\":\"SQS_MAX_MESSAGES\",\"value\":\"1\"},{\"name\":\"SQS_QUEUE_URL\",\"value\":\"https://sqs.ap-southeast-2.amazonaws.com/901444280953/n11817143-transcode-queue\"},{\"name\":\"SQS_VISIBILITY_TIMEOUT\",\"value\":\"600\"},{\"name\":\"SQS_WAIT_TIME_SECONDS\",\"value\":\"20\"},{\"name\":\"TEMP_DIR\",\"value\":\"/tmp/transcode\"},{\"name\":\"USE_PARAMETER_STORE\",\"value\":\"false\"}],\"essential\":true,\"healthCheck\":{\"command\":[\"CMD-SHELL\",\"ps aux | grep 'node.*index.js' | grep -v grep || exit 1\"],\"interval\":30,\"retries\":3,\"startPeriod\":60,\"timeout\":5},\"image\":\"901444280953.dkr.ecr.ap-southeast-2.amazonaws.com/n11817143-app/transcode-worker:latest\",\"logConfiguration\":{\"logDriver\":\"awslogs\",\"options\":{\"awslogs-group\":\"/ecs/n11817143-app\",\"awslogs-region\":\"ap-southeast-2\",\"awslogs-stream-prefix\":\"transcode-worker\"}},\"mountPoints\":[],\"name\":\"transcode-worker\",\"portMappings\":[],\"secrets\":[],\"systemControls\":[],\"volumesFrom\":[]}]",
            "cpu": "1024",
            "enable_fault_injection": false,
            "ephemeral_storage": [],
            "execution_role_arn": "arn:aws:iam::901444280953:role/Execution-Role-CAB432-ECS",
            "family": "n11817143-app-transcode-worker",
            "id": "n11817143-app-transcode-worker",
            "ipc_mode": "",
            "memory": "2048",
            "network_mode": "awsvpc",
            "pid_mode": "",
            "placement_constraints": [],
            "proxy_configuration": [],
            "region": "ap-southeast-2",
            "requires_compatibilities": [
              "FARGATE"
            ],
            "revision": 3,
            "runtime_platform": [],
            "skip_destroy": false,
            "tags": {
              "Environment": "prod",
              "Name": "n11817143-app-transcode-worker",
              "Project": "n11817143-app",
              "Service": "transcode-worker"
            },
            "tags_all": {
              "Environment": "prod",
              "ManagedBy": "Terraform",
              "Name": "n11817143-app-transcode-worker",
              "Project": "n11817143-app",
              "Service": "transcode-worker",
              "Student": "n11817143",
              "qut-username": "n11817143@qut.edu.au"
            },
            "task_role_arn": "arn:aws:iam::901444280953:role/Task-Role-CAB432-ECS",
            "track_latest": false,
            "volume": []
          },
          "sensitive_attributes": [],
          "identity_schema_version": 0,
          "private": "eyJzY2hlbWFfdmVyc2lvbiI6IjEifQ==",
          "dependencies": [
            "data.aws_caller_identity.current",
            "module.ecr.aws_ecr_repository.transcode_worker",
            "module.ecs_cluster.data.aws_cloudwatch_log_group.ecs",
            "module.ecs_cluster.data.aws_iam_role.ecs_task",
            "module.ecs_cluster.data.aws_iam_role.ecs_task_execution"
          ]
        }
      ]
    },
    {
      "module": "module.video_api_service",
      "mode": "managed",
      "type": "aws_appautoscaling_policy",
      "name": "cpu",
      "provider": "provider[\"registry.terraform.io/hashicorp/aws\"]",
      "instances": [
        {
          "index_key": 0,
          "schema_version": 0,
          "attributes": {
            "alarm_arns": [
              "arn:aws:cloudwatch:ap-southeast-2:901444280953:alarm:TargetTracking-service/n11817143-app-cluster/n11817143-app-video-api-AlarmHigh-ed681b39-11bd-4fae-9d4e-bbd0191167eb",
              "arn:aws:cloudwatch:ap-southeast-2:901444280953:alarm:TargetTracking-service/n11817143-app-cluster/n11817143-app-video-api-AlarmLow-92b26f02-2677-47a0-88c1-8c0e4a1b521b"
            ],
            "arn": "arn:aws:autoscaling:ap-southeast-2:901444280953:scalingPolicy:54da2c9c-9284-4251-b1eb-cd5337dad482:resource/ecs/service/n11817143-app-cluster/n11817143-app-video-api:policyName/n11817143-app-video-api-cpu-scaling",
            "id": "n11817143-app-video-api-cpu-scaling",
            "name": "n11817143-app-video-api-cpu-scaling",
            "policy_type": "TargetTrackingScaling",
            "predictive_scaling_policy_configuration": [],
            "region": "ap-southeast-2",
            "resource_id": "service/n11817143-app-cluster/n11817143-app-video-api",
            "scalable_dimension": "ecs:service:DesiredCount",
            "service_namespace": "ecs",
            "step_scaling_policy_configuration": [],
            "target_tracking_scaling_policy_configuration": [
              {
                "customized_metric_specification": [],
                "disable_scale_in": false,
                "predefined_metric_specification": [
                  {
                    "predefined_metric_type": "ECSServiceAverageCPUUtilization",
                    "resource_label": ""
                  }
                ],
                "scale_in_cooldown": 300,
                "scale_out_cooldown": 60,
                "target_value": 70
              }
            ]
          },
          "sensitive_attributes": [],
          "identity_schema_version": 0,
          "private": "bnVsbA==",
          "dependencies": [
            "data.aws_caller_identity.current",
            "data.aws_security_group.cab432_sg",
            "data.aws_subnets.public",
            "module.alb.aws_lb_target_group.video_api",
            "module.ecr.aws_ecr_repository.video_api",
            "module.ecs_cluster.aws_ecs_cluster.main",
            "module.ecs_cluster.data.aws_cloudwatch_log_group.ecs",
            "module.ecs_cluster.data.aws_iam_role.ecs_task",
            "module.ecs_cluster.data.aws_iam_role.ecs_task_execution",
            "module.video_api_service.aws_appautoscaling_target.main",
            "module.video_api_service.aws_ecs_service.main",
            "module.video_api_service.aws_ecs_task_definition.main"
          ]
        }
      ]
    },
    {
      "module": "module.video_api_service",
      "mode": "managed",
      "type": "aws_appautoscaling_policy",
      "name": "memory",
      "provider": "provider[\"registry.terraform.io/hashicorp/aws\"]",
      "instances": [
        {
          "index_key": 0,
          "schema_version": 0,
          "attributes": {
            "alarm_arns": [
              "arn:aws:cloudwatch:ap-southeast-2:901444280953:alarm:TargetTracking-service/n11817143-app-cluster/n11817143-app-video-api-AlarmHigh-5317a83b-9841-4bd6-a17c-e40aa6b173a9",
              "arn:aws:cloudwatch:ap-southeast-2:901444280953:alarm:TargetTracking-service/n11817143-app-cluster/n11817143-app-video-api-AlarmLow-434eaa1c-2230-4da1-8e92-29d434e804e3"
            ],
            "arn": "arn:aws:autoscaling:ap-southeast-2:901444280953:scalingPolicy:54da2c9c-9284-4251-b1eb-cd5337dad482:resource/ecs/service/n11817143-app-cluster/n11817143-app-video-api:policyName/n11817143-app-video-api-memory-scaling",
            "id": "n11817143-app-video-api-memory-scaling",
            "name": "n11817143-app-video-api-memory-scaling",
            "policy_type": "TargetTrackingScaling",
            "predictive_scaling_policy_configuration": [],
            "region": "ap-southeast-2",
            "resource_id": "service/n11817143-app-cluster/n11817143-app-video-api",
            "scalable_dimension": "ecs:service:DesiredCount",
            "service_namespace": "ecs",
            "step_scaling_policy_configuration": [],
            "target_tracking_scaling_policy_configuration": [
              {
                "customized_metric_specification": [],
                "disable_scale_in": false,
                "predefined_metric_specification": [
                  {
                    "predefined_metric_type": "ECSServiceAverageMemoryUtilization",
                    "resource_label": ""
                  }
                ],
                "scale_in_cooldown": 300,
                "scale_out_cooldown": 60,
                "target_value": 80
              }
            ]
          },
          "sensitive_attributes": [],
          "identity_schema_version": 0,
          "private": "bnVsbA==",
          "dependencies": [
            "data.aws_caller_identity.current",
            "data.aws_security_group.cab432_sg",
            "data.aws_subnets.public",
            "module.alb.aws_lb_target_group.video_api",
            "module.ecr.aws_ecr_repository.video_api",
            "module.ecs_cluster.aws_ecs_cluster.main",
            "module.ecs_cluster.data.aws_cloudwatch_log_group.ecs",
            "module.ecs_cluster.data.aws_iam_role.ecs_task",
            "module.ecs_cluster.data.aws_iam_role.ecs_task_execution",
            "module.video_api_service.aws_appautoscaling_target.main",
            "module.video_api_service.aws_ecs_service.main",
            "module.video_api_service.aws_ecs_task_definition.main"
          ]
        }
      ]
    },
    {
      "module": "module.video_api_service",
      "mode": "managed",
      "type": "aws_appautoscaling_target",
      "name": "main",
      "provider": "provider[\"registry.terraform.io/hashicorp/aws\"]",
      "instances": [
        {
          "index_key": 0,
          "schema_version": 0,
          "attributes": {
            "arn": "arn:aws:application-autoscaling:ap-southeast-2:901444280953:scalable-target/0ec554da2c9c92844251b1ebcd5337dad482",
            "id": "service/n11817143-app-cluster/n11817143-app-video-api",
            "max_capacity": 5,
            "min_capacity": 1,
            "region": "ap-southeast-2",
            "resource_id": "service/n11817143-app-cluster/n11817143-app-video-api",
            "role_arn": "arn:aws:iam::901444280953:role/aws-service-role/ecs.application-autoscaling.amazonaws.com/AWSServiceRoleForApplicationAutoScaling_ECSService",
            "scalable_dimension": "ecs:service:DesiredCount",
            "service_namespace": "ecs",
            "suspended_state": [
              {
                "dynamic_scaling_in_suspended": false,
                "dynamic_scaling_out_suspended": false,
                "scheduled_scaling_suspended": false
              }
            ],
            "tags": {},
            "tags_all": {
              "ManagedBy": "Terraform",
              "Project": "CAB432-VideoApp",
              "Student": "n11817143",
              "qut-username": "n11817143@qut.edu.au"
            }
          },
          "sensitive_attributes": [],
          "identity_schema_version": 0,
          "private": "bnVsbA==",
          "dependencies": [
            "data.aws_caller_identity.current",
            "data.aws_security_group.cab432_sg",
            "data.aws_subnets.public",
            "module.alb.aws_lb_target_group.video_api",
            "module.ecr.aws_ecr_repository.video_api",
            "module.ecs_cluster.aws_ecs_cluster.main",
            "module.ecs_cluster.data.aws_cloudwatch_log_group.ecs",
            "module.ecs_cluster.data.aws_iam_role.ecs_task",
            "module.ecs_cluster.data.aws_iam_role.ecs_task_execution",
            "module.video_api_service.aws_ecs_service.main",
            "module.video_api_service.aws_ecs_task_definition.main"
          ]
        }
      ]
    },
    {
      "module": "module.video_api_service",
      "mode": "managed",
      "type": "aws_cloudwatch_metric_alarm",
      "name": "cpu_high",
      "provider": "provider[\"registry.terraform.io/hashicorp/aws\"]",
      "instances": [
        {
          "index_key": 0,
          "schema_version": 1,
          "attributes": {
            "actions_enabled": true,
            "alarm_actions": [],
            "alarm_description": "Alert when CPU exceeds 80%",
            "alarm_name": "n11817143-app-video-api-cpu-high",
            "arn": "arn:aws:cloudwatch:ap-southeast-2:901444280953:alarm:n11817143-app-video-api-cpu-high",
            "comparison_operator": "GreaterThanThreshold",
            "datapoints_to_alarm": 0,
            "dimensions": {
              "ClusterName": "n11817143-app-cluster",
              "ServiceName": "n11817143-app-video-api"
            },
            "evaluate_low_sample_count_percentiles": "",
            "evaluation_periods": 2,
            "extended_statistic": "",
            "id": "n11817143-app-video-api-cpu-high",
            "insufficient_data_actions": [],
            "metric_name": "CPUUtilization",
            "metric_query": [],
            "namespace": "AWS/ECS",
            "ok_actions": [],
            "period": 300,
            "region": "ap-southeast-2",
            "statistic": "Average",
            "tags": {
              "Environment": "prod",
              "Project": "n11817143-app",
              "Service": "video-api"
            },
            "tags_all": {
              "Environment": "prod",
              "ManagedBy": "Terraform",
              "Project": "n11817143-app",
              "Service": "video-api",
              "Student": "n11817143",
              "qut-username": "n11817143@qut.edu.au"
            },
            "threshold": 80,
            "threshold_metric_id": "",
            "treat_missing_data": "notBreaching",
            "unit": ""
          },
          "sensitive_attributes": [],
          "identity_schema_version": 0,
          "identity": {
            "account_id": "901444280953",
            "alarm_name": "n11817143-app-video-api-cpu-high",
            "region": "ap-southeast-2"
          },
          "private": "eyJzY2hlbWFfdmVyc2lvbiI6IjEifQ==",
          "dependencies": [
            "data.aws_caller_identity.current",
            "data.aws_security_group.cab432_sg",
            "data.aws_subnets.public",
            "module.alb.aws_lb_target_group.video_api",
            "module.ecr.aws_ecr_repository.video_api",
            "module.ecs_cluster.aws_ecs_cluster.main",
            "module.ecs_cluster.data.aws_cloudwatch_log_group.ecs",
            "module.ecs_cluster.data.aws_iam_role.ecs_task",
            "module.ecs_cluster.data.aws_iam_role.ecs_task_execution",
            "module.video_api_service.aws_ecs_service.main",
            "module.video_api_service.aws_ecs_task_definition.main"
          ]
        }
      ]
    },
    {
      "module": "module.video_api_service",
      "mode": "managed",
      "type": "aws_cloudwatch_metric_alarm",
      "name": "memory_high",
      "provider": "provider[\"registry.terraform.io/hashicorp/aws\"]",
      "instances": [
        {
          "index_key": 0,
          "schema_version": 1,
          "attributes": {
            "actions_enabled": true,
            "alarm_actions": [],
            "alarm_description": "Alert when memory exceeds 80%",
            "alarm_name": "n11817143-app-video-api-memory-high",
            "arn": "arn:aws:cloudwatch:ap-southeast-2:901444280953:alarm:n11817143-app-video-api-memory-high",
            "comparison_operator": "GreaterThanThreshold",
            "datapoints_to_alarm": 0,
            "dimensions": {
              "ClusterName": "n11817143-app-cluster",
              "ServiceName": "n11817143-app-video-api"
            },
            "evaluate_low_sample_count_percentiles": "",
            "evaluation_periods": 2,
            "extended_statistic": "",
            "id": "n11817143-app-video-api-memory-high",
            "insufficient_data_actions": [],
            "metric_name": "MemoryUtilization",
            "metric_query": [],
            "namespace": "AWS/ECS",
            "ok_actions": [],
            "period": 300,
            "region": "ap-southeast-2",
            "statistic": "Average",
            "tags": {
              "Environment": "prod",
              "Project": "n11817143-app",
              "Service": "video-api"
            },
            "tags_all": {
              "Environment": "prod",
              "ManagedBy": "Terraform",
              "Project": "n11817143-app",
              "Service": "video-api",
              "Student": "n11817143",
              "qut-username": "n11817143@qut.edu.au"
            },
            "threshold": 80,
            "threshold_metric_id": "",
            "treat_missing_data": "notBreaching",
            "unit": ""
          },
          "sensitive_attributes": [],
          "identity_schema_version": 0,
          "identity": {
            "account_id": "901444280953",
            "alarm_name": "n11817143-app-video-api-memory-high",
            "region": "ap-southeast-2"
          },
          "private": "eyJzY2hlbWFfdmVyc2lvbiI6IjEifQ==",
          "dependencies": [
            "data.aws_caller_identity.current",
            "data.aws_security_group.cab432_sg",
            "data.aws_subnets.public",
            "module.alb.aws_lb_target_group.video_api",
            "module.ecr.aws_ecr_repository.video_api",
            "module.ecs_cluster.aws_ecs_cluster.main",
            "module.ecs_cluster.data.aws_cloudwatch_log_group.ecs",
            "module.ecs_cluster.data.aws_iam_role.ecs_task",
            "module.ecs_cluster.data.aws_iam_role.ecs_task_execution",
            "module.video_api_service.aws_ecs_service.main",
            "module.video_api_service.aws_ecs_task_definition.main"
          ]
        }
      ]
    },
    {
      "module": "module.video_api_service",
      "mode": "managed",
      "type": "aws_ecs_service",
      "name": "main",
      "provider": "provider[\"registry.terraform.io/hashicorp/aws\"]",
      "instances": [
        {
          "schema_version": 1,
          "attributes": {
            "alarms": [],
            "arn": "arn:aws:ecs:ap-southeast-2:901444280953:service/n11817143-app-cluster/n11817143-app-video-api",
            "availability_zone_rebalancing": "ENABLED",
            "capacity_provider_strategy": [],
            "cluster": "arn:aws:ecs:ap-southeast-2:901444280953:cluster/n11817143-app-cluster",
            "deployment_circuit_breaker": [
              {
                "enable": false,
                "rollback": false
              }
            ],
            "deployment_configuration": [
              {
                "bake_time_in_minutes": "0",
                "lifecycle_hook": [],
                "strategy": "ROLLING"
              }
            ],
            "deployment_controller": [
              {
                "type": "ECS"
              }
            ],
            "deployment_maximum_percent": 200,
            "deployment_minimum_healthy_percent": 100,
            "desired_count": 2,
            "enable_ecs_managed_tags": false,
            "enable_execute_command": true,
            "force_delete": null,
            "force_new_deployment": null,
            "health_check_grace_period_seconds": 60,
            "iam_role": "/aws-service-role/ecs.amazonaws.com/AWSServiceRoleForECS",
            "id": "arn:aws:ecs:ap-southeast-2:901444280953:service/n11817143-app-cluster/n11817143-app-video-api",
            "launch_type": "FARGATE",
            "load_balancer": [
              {
                "advanced_configuration": [],
                "container_name": "video-api",
                "container_port": 8080,
                "elb_name": "",
                "target_group_arn": "arn:aws:elasticloadbalancing:ap-southeast-2:901444280953:targetgroup/n11817143-app-video-api-tg/881c45a046094ed7"
              }
            ],
            "name": "n11817143-app-video-api",
            "network_configuration": [
              {
                "assign_public_ip": true,
                "security_groups": [
                  "sg-032bd1ff8cf77dbb9"
                ],
                "subnets": [
                  "subnet-04ca053dcbe5f49cc",
                  "subnet-04cc288ea3b2e1e53",
                  "subnet-05a3b8177138c8b14",
                  "subnet-05d0352bb15852524",
                  "subnet-075811427d5564cf9"
                ]
              }
            ],
            "ordered_placement_strategy": [],
            "placement_constraints": [],
            "platform_version": "LATEST",
            "propagate_tags": "NONE",
            "region": "ap-southeast-2",
            "scheduling_strategy": "REPLICA",
            "service_connect_configuration": [],
            "service_registries": [],
            "sigint_rollback": null,
            "tags": {
              "Environment": "prod",
              "Name": "n11817143-app-video-api",
              "Project": "n11817143-app",
              "Service": "video-api"
            },
            "tags_all": {
              "Environment": "prod",
              "ManagedBy": "Terraform",
              "Name": "n11817143-app-video-api",
              "Project": "n11817143-app",
              "Service": "video-api",
              "Student": "n11817143",
              "qut-username": "n11817143@qut.edu.au"
            },
            "task_definition": "arn:aws:ecs:ap-southeast-2:901444280953:task-definition/n11817143-app-video-api:3",
            "timeouts": null,
            "triggers": {},
            "volume_configuration": [],
            "vpc_lattice_configurations": [],
            "wait_for_steady_state": false
          },
          "sensitive_attributes": [],
          "identity_schema_version": 0,
          "private": "eyJlMmJmYjczMC1lY2FhLTExZTYtOGY4OC0zNDM2M2JjN2M0YzAiOnsiY3JlYXRlIjoxMjAwMDAwMDAwMDAwLCJkZWxldGUiOjEyMDAwMDAwMDAwMDAsInVwZGF0ZSI6MTIwMDAwMDAwMDAwMH0sInNjaGVtYV92ZXJzaW9uIjoiMSJ9",
          "dependencies": [
            "data.aws_caller_identity.current",
            "data.aws_security_group.cab432_sg",
            "data.aws_subnets.public",
            "module.alb.aws_lb_target_group.video_api",
            "module.ecr.aws_ecr_repository.video_api",
            "module.ecs_cluster.aws_ecs_cluster.main",
            "module.ecs_cluster.data.aws_cloudwatch_log_group.ecs",
            "module.ecs_cluster.data.aws_iam_role.ecs_task",
            "module.ecs_cluster.data.aws_iam_role.ecs_task_execution",
            "module.video_api_service.aws_ecs_task_definition.main"
          ]
        }
      ]
    },
    {
      "module": "module.video_api_service",
      "mode": "managed",
      "type": "aws_ecs_task_definition",
      "name": "main",
      "provider": "provider[\"registry.terraform.io/hashicorp/aws\"]",
      "instances": [
        {
          "schema_version": 1,
          "attributes": {
            "arn": "arn:aws:ecs:ap-southeast-2:901444280953:task-definition/n11817143-app-video-api:3",
            "arn_without_revision": "arn:aws:ecs:ap-southeast-2:901444280953:task-definition/n11817143-app-video-api",
            "container_definitions": "[{\"environment\":[{\"name\":\"AWS_REGION\",\"value\":\"ap-southeast-2\"},{\"name\":\"CACHE_TTL\",\"value\":\"300\"},{\"name\":\"COGNITO_CLIENT_ID\",\"value\":\"1dnnr9c18vuk983t8iojkgd8e\"},{\"name\":\"COGNITO_REGION\",\"value\":\"ap-southeast-2\"},{\"name\":\"COGNITO_USER_POOL_ID\",\"value\":\"ap-southeast-2_CdVnmKfW\"},{\"name\":\"DYNAMODB_TABLE_NAME\",\"value\":\"n11817143-videos\"},{\"name\":\"ELASTICACHE_ENDPOINT\",\"value\":\"\"},{\"name\":\"NODE_ENV\",\"value\":\"prod\"},{\"name\":\"PORT\",\"value\":\"8080\"},{\"name\":\"S3_BUCKET_NAME\",\"value\":\"n11817143-a2\"},{\"name\":\"SQS_QUEUE_URL\",\"value\":\"https://sqs.ap-southeast-2.amazonaws.com/901444280953/n11817143-transcode-queue\"},{\"name\":\"USE_PARAMETER_STORE\",\"value\":\"false\"}],\"essential\":true,\"image\":\"901444280953.dkr.ecr.ap-southeast-2.amazonaws.com/n11817143-app/video-api:latest\",\"logConfiguration\":{\"logDriver\":\"awslogs\",\"options\":{\"awslogs-region\":\"ap-southeast-2\",\"awslogs-stream-prefix\":\"video-api\",\"awslogs-group\":\"/ecs/n11817143-app\"}},\"mountPoints\":[],\"name\":\"video-api\",\"portMappings\":[{\"containerPort\":8080,\"hostPort\":8080,\"protocol\":\"tcp\"}],\"secrets\":[{\"name\":\"JWT_SECRET\",\"valueFrom\":\"arn:aws:ssm:ap-southeast-2:901444280953:parameter/videoapp/prod/jwt-secret\"}],\"systemControls\":[],\"volumesFrom\":[]}]",
            "cpu": "512",
            "enable_fault_injection": false,
            "ephemeral_storage": [],
            "execution_role_arn": "arn:aws:iam::901444280953:role/Execution-Role-CAB432-ECS",
            "family": "n11817143-app-video-api",
            "id": "n11817143-app-video-api",
            "ipc_mode": "",
            "memory": "1024",
            "network_mode": "awsvpc",
            "pid_mode": "",
            "placement_constraints": [],
            "proxy_configuration": [],
            "region": "ap-southeast-2",
            "requires_compatibilities": [
              "FARGATE"
            ],
            "revision": 3,
            "runtime_platform": [],
            "skip_destroy": false,
            "tags": {
              "Environment": "prod",
              "Name": "n11817143-app-video-api",
              "Project": "n11817143-app",
              "Service": "video-api"
            },
            "tags_all": {
              "Environment": "prod",
              "ManagedBy": "Terraform",
              "Name": "n11817143-app-video-api",
              "Project": "n11817143-app",
              "Service": "video-api",
              "Student": "n11817143",
              "qut-username": "n11817143@qut.edu.au"
            },
            "task_role_arn": "arn:aws:iam::901444280953:role/Task-Role-CAB432-ECS",
            "track_latest": false,
            "volume": []
          },
          "sensitive_attributes": [],
          "identity_schema_version": 0,
          "private": "eyJzY2hlbWFfdmVyc2lvbiI6IjEifQ==",
          "dependencies": [
            "data.aws_caller_identity.current",
            "module.ecr.aws_ecr_repository.video_api",
            "module.ecs_cluster.data.aws_cloudwatch_log_group.ecs",
            "module.ecs_cluster.data.aws_iam_role.ecs_task",
            "module.ecs_cluster.data.aws_iam_role.ecs_task_execution"
          ]
        }
      ]
    }
  ],
  "check_results": null
}
